
Microsoft Visual Studio Solution File, Format Version 12.00
# Visual Studio Version 16
VisualStudioVersion = 16.0.29806.167
MinimumVisualStudioVersion = 10.0.40219.1
Project("{8BC9CEB8-8B4A-11D0-8D11-00A0C91BC942}") = "Patterns", "Patterns\Patterns.vcxproj", "{74CB3D31-30E4-4D5F-9BC8-860A5E42CC80}"
EndProject
Project("{8BC9CEB8-8B4A-11D0-8D11-00A0C91BC942}") = "DZ1", "DZ1\DZ1.vcxproj", "{F03A8063-56C1-444D-AF6C-07DB4B06BE09}"
EndProject
Project("{8BC9CEB8-8B4A-11D0-8D11-00A0C91BC942}") = "Class1", "Class1\Class1.vcxproj", "{77137591-594C-461B-A3D0-16CE62BC6F22}"
EndProject
Project("{8BC9CEB8-8B4A-11D0-8D11-00A0C91BC942}") = "Class1.1", "Class1.1\Class1.1.vcxproj", "{6170C644-5715-4247-B81B-FB5B3A471A97}"
EndProject
Global
	GlobalSection(SolutionConfigurationPlatforms) = preSolution
		Debug|x64 = Debug|x64
		Debug|x86 = Debug|x86
		Release|x64 = Release|x64
		Release|x86 = Release|x86
	EndGlobalSection
	GlobalSection(ProjectConfigurationPlatforms) = postSolution
		{74CB3D31-30E4-4D5F-9BC8-860A5E42CC80}.Debug|x64.ActiveCfg = Debug|x64
		{74CB3D31-30E4-4D5F-9BC8-860A5E42CC80}.Debug|x64.Build.0 = Debug|x64
		{74CB3D31-30E4-4D5F-9BC8-860A5E42CC80}.Debug|x86.ActiveCfg = Debug|Win32
		{74CB3D31-30E4-4D5F-9BC8-860A5E42CC80}.Debug|x86.Build.0 = Debug|Win32
		{74CB3D31-30E4-4D5F-9BC8-860A5E42CC80}.Release|x64.ActiveCfg = Release|x64
		{74CB3D31-30E4-4D5F-9BC8-860A5E42CC80}.Release|x64.Build.0 = Release|x64
		{74CB3D31-30E4-4D5F-9BC8-860A5E42CC80}.Release|x86.ActiveCfg = Release|Win32
		{74CB3D31-30E4-4D5F-9BC8-860A5E42CC80}.Release|x86.Build.0 = Release|Win32
		{F03A8063-56C1-444D-AF6C-07DB4B06BE09}.Debug|x64.ActiveCfg = Debug|x64
		{F03A8063-56C1-444D-AF6C-07DB4B06BE09}.Debug|x64.Build.0 = Debug|x64
		{F03A8063-56C1-444D-AF6C-07DB4B06BE09}.Debug|x86.ActiveCfg = Debug|Win32
		{F03A8063-56C1-444D-AF6C-07DB4B06BE09}.Debug|x86.Build.0 = Debug|Win32
		{F03A8063-56C1-444D-AF6C-07DB4B06BE09}.Release|x64.ActiveCfg = Release|x64
		{F03A8063-56C1-444D-AF6C-07DB4B06BE09}.Release|x64.Build.0 = Release|x64
		{F03A8063-56C1-444D-AF6C-07DB4B06BE09}.Release|x86.ActiveCfg = Release|Win32
		{F03A8063-56C1-444D-AF6C-07DB4B06BE09}.Release|x86.Build.0 = Release|Win32
		{77137591-594C-461B-A3D0-16CE62BC6F22}.Debug|x64.ActiveCfg = Debug|x64
		{77137591-594C-461B-A3D0-16CE62BC6F22}.Debug|x64.Build.0 = Debug|x64
		{77137591-594C-461B-A3D0-16CE62BC6F22}.Debug|x86.ActiveCfg = Debug|Win32
		{77137591-594C-461B-A3D0-16CE62BC6F22}.Debug|x86.Build.0 = Debug|Win32
		{77137591-594C-461B-A3D0-16CE62BC6F22}.Release|x64.ActiveCfg = Release|x64
		{77137591-594C-461B-A3D0-16CE62BC6F22}.Release|x64.Build.0 = Release|x64
		{77137591-594C-461B-A3D0-16CE62BC6F22}.Release|x86.ActiveCfg = Release|Win32
		{77137591-594C-461B-A3D0-16CE62BC6F22}.Release|x86.Build.0 = Release|Win32
		{6170C644-5715-4247-B81B-FB5B3A471A97}.Debug|x64.ActiveCfg = Debug|x64
		{6170C644-5715-4247-B81B-FB5B3A471A97}.Debug|x64.Build.0 = Debug|x64
		{6170C644-5715-4247-B81B-FB5B3A471A97}.Debug|x86.ActiveCfg = Debug|Win32
		{6170C644-5715-4247-B81B-FB5B3A471A97}.Debug|x86.Build.0 = Debug|Win32
		{6170C644-5715-4247-B81B-FB5B3A471A97}.Release|x64.ActiveCfg = Release|x64
		{6170C644-5715-4247-B81B-FB5B3A471A97}.Release|x64.Build.0 = Release|x64
		{6170C644-5715-4247-B81B-FB5B3A471A97}.Release|x86.ActiveCfg = Release|Win32
		{6170C644-5715-4247-B81B-FB5B3A471A97}.Release|x86.Build.0 = Release|Win32
	EndGlobalSection
	GlobalSection(SolutionProperties) = preSolution
		HideSolutionNode = FALSE
	EndGlobalSection
	GlobalSection(ExtensibilityGlobals) = postSolution
		SolutionGuid = {C0B6D2E8-86B4-4A02-89B8-F95FC7020F14}
	EndGlobalSection
EndGlobal
