
Microsoft Visual Studio Solution File, Format Version 12.00
# Visual Studio Version 16
VisualStudioVersion = 16.0.30611.23
MinimumVisualStudioVersion = 10.0.40219.1
Project("{FAE04EC0-301F-11D3-BF4B-00C04F79EFBC}") = "ServerConsole", "ServerConsole\ServerConsole.csproj", "{B0DAB616-B20E-4960-929C-90DD99310E20}"
EndProject
Project("{FAE04EC0-301F-11D3-BF4B-00C04F79EFBC}") = "ClientWPF", "ClientWPF\ClientWPF.csproj", "{4044F40B-0AC8-4055-8059-E04243B21F1A}"
EndProject
Global
	GlobalSection(SolutionConfigurationPlatforms) = preSolution
		Debug|Any CPU = Debug|Any CPU
		Release|Any CPU = Release|Any CPU
	EndGlobalSection
	GlobalSection(ProjectConfigurationPlatforms) = postSolution
		{B0DAB616-B20E-4960-929C-90DD99310E20}.Debug|Any CPU.ActiveCfg = Debug|Any CPU
		{B0DAB616-B20E-4960-929C-90DD99310E20}.Debug|Any CPU.Build.0 = Debug|Any CPU
		{B0DAB616-B20E-4960-929C-90DD99310E20}.Release|Any CPU.ActiveCfg = Release|Any CPU
		{B0DAB616-B20E-4960-929C-90DD99310E20}.Release|Any CPU.Build.0 = Release|Any CPU
		{4044F40B-0AC8-4055-8059-E04243B21F1A}.Debug|Any CPU.ActiveCfg = Debug|Any CPU
		{4044F40B-0AC8-4055-8059-E04243B21F1A}.Debug|Any CPU.Build.0 = Debug|Any CPU
		{4044F40B-0AC8-4055-8059-E04243B21F1A}.Release|Any CPU.ActiveCfg = Release|Any CPU
		{4044F40B-0AC8-4055-8059-E04243B21F1A}.Release|Any CPU.Build.0 = Release|Any CPU
	EndGlobalSection
	GlobalSection(SolutionProperties) = preSolution
		HideSolutionNode = FALSE
	EndGlobalSection
	GlobalSection(ExtensibilityGlobals) = postSolution
		SolutionGuid = {ABAFD80F-1C07-41B4-A281-D8E30E47819D}
	EndGlobalSection
EndGlobal
