
Microsoft Visual Studio Solution File, Format Version 12.00
# Visual Studio Version 16
VisualStudioVersion = 16.0.30621.155
MinimumVisualStudioVersion = 10.0.40219.1
Project("{FAE04EC0-301F-11D3-BF4B-00C04F79EFBC}") = "Server", "Server\Server.csproj", "{6F9F0274-2326-4463-A3C9-66B60CF08DF9}"
EndProject
Project("{FAE04EC0-301F-11D3-BF4B-00C04F79EFBC}") = "Client", "Client\Client.csproj", "{F5A6B55F-98A0-4952-BBD3-71AB79D867FA}"
EndProject
Global
	GlobalSection(SolutionConfigurationPlatforms) = preSolution
		Debug|Any CPU = Debug|Any CPU
		Release|Any CPU = Release|Any CPU
	EndGlobalSection
	GlobalSection(ProjectConfigurationPlatforms) = postSolution
		{6F9F0274-2326-4463-A3C9-66B60CF08DF9}.Debug|Any CPU.ActiveCfg = Debug|Any CPU
		{6F9F0274-2326-4463-A3C9-66B60CF08DF9}.Debug|Any CPU.Build.0 = Debug|Any CPU
		{6F9F0274-2326-4463-A3C9-66B60CF08DF9}.Release|Any CPU.ActiveCfg = Release|Any CPU
		{6F9F0274-2326-4463-A3C9-66B60CF08DF9}.Release|Any CPU.Build.0 = Release|Any CPU
		{F5A6B55F-98A0-4952-BBD3-71AB79D867FA}.Debug|Any CPU.ActiveCfg = Debug|Any CPU
		{F5A6B55F-98A0-4952-BBD3-71AB79D867FA}.Debug|Any CPU.Build.0 = Debug|Any CPU
		{F5A6B55F-98A0-4952-BBD3-71AB79D867FA}.Release|Any CPU.ActiveCfg = Release|Any CPU
		{F5A6B55F-98A0-4952-BBD3-71AB79D867FA}.Release|Any CPU.Build.0 = Release|Any CPU
	EndGlobalSection
	GlobalSection(SolutionProperties) = preSolution
		HideSolutionNode = FALSE
	EndGlobalSection
	GlobalSection(ExtensibilityGlobals) = postSolution
		SolutionGuid = {8D8823B5-8741-4D4F-A094-B65A415B8F14}
	EndGlobalSection
EndGlobal
