
Microsoft Visual Studio Solution File, Format Version 12.00
# Visual Studio Version 16
VisualStudioVersion = 16.0.29911.84
MinimumVisualStudioVersion = 10.0.40219.1
Project("{9A19103F-16F7-4668-BE54-9A1E7A4F7556}") = "1", "Sharp\1.csproj", "{5A9D84BC-59E1-4030-8D08-446CB6190678}"
EndProject
Project("{9A19103F-16F7-4668-BE54-9A1E7A4F7556}") = "2", "2\2.csproj", "{E5A2B38B-26BF-478B-ACB2-03EFFA61EFEF}"
EndProject
Project("{9A19103F-16F7-4668-BE54-9A1E7A4F7556}") = "3", "3\3.csproj", "{72AD1722-5A1E-43AF-A597-EA77301FAAD3}"
EndProject
Project("{9A19103F-16F7-4668-BE54-9A1E7A4F7556}") = "4 classes", "4 classes\4 classes.csproj", "{97D70ABB-EE64-4369-8F7A-9D7798E272BA}"
EndProject
Project("{9A19103F-16F7-4668-BE54-9A1E7A4F7556}") = "1DZ", "1DZ\1DZ.csproj", "{5094836C-F616-4619-AB83-F5ED860A1C09}"
EndProject
Project("{9A19103F-16F7-4668-BE54-9A1E7A4F7556}") = "5(abstract factory)", "5(abstract factory)\5(abstract factory).csproj", "{1612C41A-F6DA-4703-B33D-6061F3E52FF8}"
EndProject
Project("{9A19103F-16F7-4668-BE54-9A1E7A4F7556}") = "5(hero)not work yet", "5(hero)\5(hero)not work yet.csproj", "{37B00537-DC7E-4412-A289-617F36E7ECC5}"
EndProject
Project("{9A19103F-16F7-4668-BE54-9A1E7A4F7556}") = "5(state)", "5(state)\5(state).csproj", "{68B9BAF3-A74B-4A60-A85A-7D5303C5683E}"
EndProject
Project("{9A19103F-16F7-4668-BE54-9A1E7A4F7556}") = "6", "6\6.csproj", "{27408E7D-E04A-4406-A94B-04BB2DF6A03A}"
EndProject
Project("{9A19103F-16F7-4668-BE54-9A1E7A4F7556}") = "6(mediator)", "6(mediator)\6(mediator).csproj", "{6E99EE52-E9A1-4E85-BA09-2FCA3A4D3555}"
EndProject
Project("{9A19103F-16F7-4668-BE54-9A1E7A4F7556}") = "6(hero_gun)", "6(hero_gun)\6(hero_gun).csproj", "{35220372-32A7-480C-B294-55B2B792E720}"
EndProject
Project("{9A19103F-16F7-4668-BE54-9A1E7A4F7556}") = "6(indexator)", "6(indexator)\6(indexator).csproj", "{97B21BBD-3A41-4B80-877B-BC4920A93B76}"
EndProject
Project("{9A19103F-16F7-4668-BE54-9A1E7A4F7556}") = "6(dictionary)", "6(dictionary)\6(dictionary).csproj", "{B8079210-B4AB-4FF0-8DF0-23D911E47FDA}"
EndProject
Project("{9A19103F-16F7-4668-BE54-9A1E7A4F7556}") = "7(exception)", "7(exception)\7(exception).csproj", "{4CFDE490-05D9-4CD2-BE64-F01FB6A30D4C}"
EndProject
Project("{9A19103F-16F7-4668-BE54-9A1E7A4F7556}") = "7(my-exception-own-class)", "7(my-exception-own-class)\7(my-exception-own-class).csproj", "{694B592F-D1D9-4E6D-AAD0-578AB52C9364}"
EndProject
Project("{9A19103F-16F7-4668-BE54-9A1E7A4F7556}") = "7(exception(finally))", "7(exception(finally))\7(exception(finally)).csproj", "{D0850D06-AB62-43A5-8A72-00C8B36FC303}"
EndProject
Project("{9A19103F-16F7-4668-BE54-9A1E7A4F7556}") = "7(car)", "7(car)\7(car).csproj", "{EAE04A4A-A4AE-4C3F-8FA4-1545BC1CB3EB}"
EndProject
Project("{9A19103F-16F7-4668-BE54-9A1E7A4F7556}") = "8(static-class)", "8(static-class)\8(static-class).csproj", "{6F83EADB-1C7A-48F4-8679-CC47548D3D6E}"
EndProject
Project("{9A19103F-16F7-4668-BE54-9A1E7A4F7556}") = "8(extention_class)", "8(extention_class)\8(extention_class).csproj", "{E3F052EF-E0A7-4CC9-BCC5-5B254791D66F}"
EndProject
Project("{9A19103F-16F7-4668-BE54-9A1E7A4F7556}") = "8(class-in-class)...not completed", "8(class-in-class)\8(class-in-class)...not completed.csproj", "{6CE7B6E2-7F2A-4EBF-ACD6-0C4AEEA6DAA4}"
EndProject
Project("{9A19103F-16F7-4668-BE54-9A1E7A4F7556}") = "8(namespaces)", "8(namespaces)\8(namespaces).csproj", "{AA448522-3115-4334-B6D7-BDADE43B09DC}"
EndProject
Project("{9A19103F-16F7-4668-BE54-9A1E7A4F7556}") = "8(dll)", "8(dll)\8(dll).csproj", "{A28C970E-5C9B-4B2B-BEA3-BB2AF39CABA0}"
EndProject
Project("{FAE04EC0-301F-11D3-BF4B-00C04F79EFBC}") = "8dll", "8dll\8dll.csproj", "{42216C04-AA43-448D-B3C3-DF130A8E92FB}"
EndProject
Project("{9A19103F-16F7-4668-BE54-9A1E7A4F7556}") = "9(operators_overload)", "9(operators_overload)\9(operators_overload).csproj", "{EA271316-A8BC-41E4-8C2A-2955A8C1CBDE}"
EndProject
Project("{9A19103F-16F7-4668-BE54-9A1E7A4F7556}") = "9", "9\9.csproj", "{55776BCD-8A5A-4CC6-BE39-EA6FEC148126}"
EndProject
Project("{9A19103F-16F7-4668-BE54-9A1E7A4F7556}") = "3DZ", "3DZ\3DZ.csproj", "{AC3053B6-A971-451D-A81D-EC86172C9A46}"
EndProject
Project("{9A19103F-16F7-4668-BE54-9A1E7A4F7556}") = "10", "10\10.csproj", "{DB01F2BE-9EC5-4953-808F-03C1CD67982F}"
EndProject
Project("{9A19103F-16F7-4668-BE54-9A1E7A4F7556}") = "10(interfaces)", "10(interfaces)\10(interfaces).csproj", "{31CBFDF6-337F-480D-9048-159951B6F586}"
EndProject
Project("{9A19103F-16F7-4668-BE54-9A1E7A4F7556}") = "11", "11\11.csproj", "{5D2A45DD-CFAA-4D2E-B144-08479A9D0300}"
EndProject
Project("{9A19103F-16F7-4668-BE54-9A1E7A4F7556}") = "11(structures)", "11(structures)\11(structures).csproj", "{A2B736F9-2FCA-4F15-93E0-A8ED27A43C20}"
EndProject
Project("{9A19103F-16F7-4668-BE54-9A1E7A4F7556}") = "11(enum)", "11(enum)\11(enum).csproj", "{D10CE819-484C-4C82-BFC3-5FCFDA8A4509}"
EndProject
Project("{9A19103F-16F7-4668-BE54-9A1E7A4F7556}") = "12(delegate)", "12\12(delegate).csproj", "{2F7953DE-B4B7-45EC-940A-3B858FD3D931}"
EndProject
Project("{9A19103F-16F7-4668-BE54-9A1E7A4F7556}") = "12(anonimous_methods)", "12(anonimous_methods)\12(anonimous_methods).csproj", "{D264E48A-21BC-43B8-9D7A-02F3C0F3B730}"
EndProject
Project("{9A19103F-16F7-4668-BE54-9A1E7A4F7556}") = "12(lambda)", "12(lambda)\12(lambda).csproj", "{4979A4C3-6436-4A81-BE8D-AEF2A6D2310F}"
EndProject
Project("{FAE04EC0-301F-11D3-BF4B-00C04F79EFBC}") = "13", "13\13.csproj", "{D93F2FA2-D997-4255-9227-5F2673BAD38D}"
EndProject
Project("{FAE04EC0-301F-11D3-BF4B-00C04F79EFBC}") = "13(lambda)", "13(lambda)\13(lambda).csproj", "{704E9F2B-7AA4-47EA-9170-4870FC9EAE9C}"
EndProject
Global
	GlobalSection(SolutionConfigurationPlatforms) = preSolution
		Debug|Any CPU = Debug|Any CPU
		Release|Any CPU = Release|Any CPU
	EndGlobalSection
	GlobalSection(ProjectConfigurationPlatforms) = postSolution
		{5A9D84BC-59E1-4030-8D08-446CB6190678}.Debug|Any CPU.ActiveCfg = Debug|Any CPU
		{5A9D84BC-59E1-4030-8D08-446CB6190678}.Debug|Any CPU.Build.0 = Debug|Any CPU
		{5A9D84BC-59E1-4030-8D08-446CB6190678}.Release|Any CPU.ActiveCfg = Release|Any CPU
		{5A9D84BC-59E1-4030-8D08-446CB6190678}.Release|Any CPU.Build.0 = Release|Any CPU
		{E5A2B38B-26BF-478B-ACB2-03EFFA61EFEF}.Debug|Any CPU.ActiveCfg = Debug|Any CPU
		{E5A2B38B-26BF-478B-ACB2-03EFFA61EFEF}.Debug|Any CPU.Build.0 = Debug|Any CPU
		{E5A2B38B-26BF-478B-ACB2-03EFFA61EFEF}.Release|Any CPU.ActiveCfg = Release|Any CPU
		{E5A2B38B-26BF-478B-ACB2-03EFFA61EFEF}.Release|Any CPU.Build.0 = Release|Any CPU
		{72AD1722-5A1E-43AF-A597-EA77301FAAD3}.Debug|Any CPU.ActiveCfg = Debug|Any CPU
		{72AD1722-5A1E-43AF-A597-EA77301FAAD3}.Debug|Any CPU.Build.0 = Debug|Any CPU
		{72AD1722-5A1E-43AF-A597-EA77301FAAD3}.Release|Any CPU.ActiveCfg = Release|Any CPU
		{72AD1722-5A1E-43AF-A597-EA77301FAAD3}.Release|Any CPU.Build.0 = Release|Any CPU
		{97D70ABB-EE64-4369-8F7A-9D7798E272BA}.Debug|Any CPU.ActiveCfg = Debug|Any CPU
		{97D70ABB-EE64-4369-8F7A-9D7798E272BA}.Debug|Any CPU.Build.0 = Debug|Any CPU
		{97D70ABB-EE64-4369-8F7A-9D7798E272BA}.Release|Any CPU.ActiveCfg = Release|Any CPU
		{97D70ABB-EE64-4369-8F7A-9D7798E272BA}.Release|Any CPU.Build.0 = Release|Any CPU
		{5094836C-F616-4619-AB83-F5ED860A1C09}.Debug|Any CPU.ActiveCfg = Debug|Any CPU
		{5094836C-F616-4619-AB83-F5ED860A1C09}.Debug|Any CPU.Build.0 = Debug|Any CPU
		{5094836C-F616-4619-AB83-F5ED860A1C09}.Release|Any CPU.ActiveCfg = Release|Any CPU
		{5094836C-F616-4619-AB83-F5ED860A1C09}.Release|Any CPU.Build.0 = Release|Any CPU
		{1612C41A-F6DA-4703-B33D-6061F3E52FF8}.Debug|Any CPU.ActiveCfg = Debug|Any CPU
		{1612C41A-F6DA-4703-B33D-6061F3E52FF8}.Debug|Any CPU.Build.0 = Debug|Any CPU
		{1612C41A-F6DA-4703-B33D-6061F3E52FF8}.Release|Any CPU.ActiveCfg = Release|Any CPU
		{1612C41A-F6DA-4703-B33D-6061F3E52FF8}.Release|Any CPU.Build.0 = Release|Any CPU
		{37B00537-DC7E-4412-A289-617F36E7ECC5}.Debug|Any CPU.ActiveCfg = Debug|Any CPU
		{37B00537-DC7E-4412-A289-617F36E7ECC5}.Debug|Any CPU.Build.0 = Debug|Any CPU
		{37B00537-DC7E-4412-A289-617F36E7ECC5}.Release|Any CPU.ActiveCfg = Release|Any CPU
		{37B00537-DC7E-4412-A289-617F36E7ECC5}.Release|Any CPU.Build.0 = Release|Any CPU
		{68B9BAF3-A74B-4A60-A85A-7D5303C5683E}.Debug|Any CPU.ActiveCfg = Debug|Any CPU
		{68B9BAF3-A74B-4A60-A85A-7D5303C5683E}.Debug|Any CPU.Build.0 = Debug|Any CPU
		{68B9BAF3-A74B-4A60-A85A-7D5303C5683E}.Release|Any CPU.ActiveCfg = Release|Any CPU
		{68B9BAF3-A74B-4A60-A85A-7D5303C5683E}.Release|Any CPU.Build.0 = Release|Any CPU
		{27408E7D-E04A-4406-A94B-04BB2DF6A03A}.Debug|Any CPU.ActiveCfg = Debug|Any CPU
		{27408E7D-E04A-4406-A94B-04BB2DF6A03A}.Debug|Any CPU.Build.0 = Debug|Any CPU
		{27408E7D-E04A-4406-A94B-04BB2DF6A03A}.Release|Any CPU.ActiveCfg = Release|Any CPU
		{27408E7D-E04A-4406-A94B-04BB2DF6A03A}.Release|Any CPU.Build.0 = Release|Any CPU
		{6E99EE52-E9A1-4E85-BA09-2FCA3A4D3555}.Debug|Any CPU.ActiveCfg = Debug|Any CPU
		{6E99EE52-E9A1-4E85-BA09-2FCA3A4D3555}.Debug|Any CPU.Build.0 = Debug|Any CPU
		{6E99EE52-E9A1-4E85-BA09-2FCA3A4D3555}.Release|Any CPU.ActiveCfg = Release|Any CPU
		{6E99EE52-E9A1-4E85-BA09-2FCA3A4D3555}.Release|Any CPU.Build.0 = Release|Any CPU
		{35220372-32A7-480C-B294-55B2B792E720}.Debug|Any CPU.ActiveCfg = Debug|Any CPU
		{35220372-32A7-480C-B294-55B2B792E720}.Debug|Any CPU.Build.0 = Debug|Any CPU
		{35220372-32A7-480C-B294-55B2B792E720}.Release|Any CPU.ActiveCfg = Release|Any CPU
		{35220372-32A7-480C-B294-55B2B792E720}.Release|Any CPU.Build.0 = Release|Any CPU
		{97B21BBD-3A41-4B80-877B-BC4920A93B76}.Debug|Any CPU.ActiveCfg = Debug|Any CPU
		{97B21BBD-3A41-4B80-877B-BC4920A93B76}.Debug|Any CPU.Build.0 = Debug|Any CPU
		{97B21BBD-3A41-4B80-877B-BC4920A93B76}.Release|Any CPU.ActiveCfg = Release|Any CPU
		{97B21BBD-3A41-4B80-877B-BC4920A93B76}.Release|Any CPU.Build.0 = Release|Any CPU
		{B8079210-B4AB-4FF0-8DF0-23D911E47FDA}.Debug|Any CPU.ActiveCfg = Debug|Any CPU
		{B8079210-B4AB-4FF0-8DF0-23D911E47FDA}.Debug|Any CPU.Build.0 = Debug|Any CPU
		{B8079210-B4AB-4FF0-8DF0-23D911E47FDA}.Release|Any CPU.ActiveCfg = Release|Any CPU
		{B8079210-B4AB-4FF0-8DF0-23D911E47FDA}.Release|Any CPU.Build.0 = Release|Any CPU
		{4CFDE490-05D9-4CD2-BE64-F01FB6A30D4C}.Debug|Any CPU.ActiveCfg = Debug|Any CPU
		{4CFDE490-05D9-4CD2-BE64-F01FB6A30D4C}.Debug|Any CPU.Build.0 = Debug|Any CPU
		{4CFDE490-05D9-4CD2-BE64-F01FB6A30D4C}.Release|Any CPU.ActiveCfg = Release|Any CPU
		{4CFDE490-05D9-4CD2-BE64-F01FB6A30D4C}.Release|Any CPU.Build.0 = Release|Any CPU
		{694B592F-D1D9-4E6D-AAD0-578AB52C9364}.Debug|Any CPU.ActiveCfg = Debug|Any CPU
		{694B592F-D1D9-4E6D-AAD0-578AB52C9364}.Debug|Any CPU.Build.0 = Debug|Any CPU
		{694B592F-D1D9-4E6D-AAD0-578AB52C9364}.Release|Any CPU.ActiveCfg = Release|Any CPU
		{694B592F-D1D9-4E6D-AAD0-578AB52C9364}.Release|Any CPU.Build.0 = Release|Any CPU
		{D0850D06-AB62-43A5-8A72-00C8B36FC303}.Debug|Any CPU.ActiveCfg = Debug|Any CPU
		{D0850D06-AB62-43A5-8A72-00C8B36FC303}.Debug|Any CPU.Build.0 = Debug|Any CPU
		{D0850D06-AB62-43A5-8A72-00C8B36FC303}.Release|Any CPU.ActiveCfg = Release|Any CPU
		{D0850D06-AB62-43A5-8A72-00C8B36FC303}.Release|Any CPU.Build.0 = Release|Any CPU
		{EAE04A4A-A4AE-4C3F-8FA4-1545BC1CB3EB}.Debug|Any CPU.ActiveCfg = Debug|Any CPU
		{EAE04A4A-A4AE-4C3F-8FA4-1545BC1CB3EB}.Debug|Any CPU.Build.0 = Debug|Any CPU
		{EAE04A4A-A4AE-4C3F-8FA4-1545BC1CB3EB}.Release|Any CPU.ActiveCfg = Release|Any CPU
		{EAE04A4A-A4AE-4C3F-8FA4-1545BC1CB3EB}.Release|Any CPU.Build.0 = Release|Any CPU
		{6F83EADB-1C7A-48F4-8679-CC47548D3D6E}.Debug|Any CPU.ActiveCfg = Debug|Any CPU
		{6F83EADB-1C7A-48F4-8679-CC47548D3D6E}.Debug|Any CPU.Build.0 = Debug|Any CPU
		{6F83EADB-1C7A-48F4-8679-CC47548D3D6E}.Release|Any CPU.ActiveCfg = Release|Any CPU
		{6F83EADB-1C7A-48F4-8679-CC47548D3D6E}.Release|Any CPU.Build.0 = Release|Any CPU
		{E3F052EF-E0A7-4CC9-BCC5-5B254791D66F}.Debug|Any CPU.ActiveCfg = Debug|Any CPU
		{E3F052EF-E0A7-4CC9-BCC5-5B254791D66F}.Debug|Any CPU.Build.0 = Debug|Any CPU
		{E3F052EF-E0A7-4CC9-BCC5-5B254791D66F}.Release|Any CPU.ActiveCfg = Release|Any CPU
		{E3F052EF-E0A7-4CC9-BCC5-5B254791D66F}.Release|Any CPU.Build.0 = Release|Any CPU
		{6CE7B6E2-7F2A-4EBF-ACD6-0C4AEEA6DAA4}.Debug|Any CPU.ActiveCfg = Debug|Any CPU
		{6CE7B6E2-7F2A-4EBF-ACD6-0C4AEEA6DAA4}.Debug|Any CPU.Build.0 = Debug|Any CPU
		{6CE7B6E2-7F2A-4EBF-ACD6-0C4AEEA6DAA4}.Release|Any CPU.ActiveCfg = Release|Any CPU
		{6CE7B6E2-7F2A-4EBF-ACD6-0C4AEEA6DAA4}.Release|Any CPU.Build.0 = Release|Any CPU
		{AA448522-3115-4334-B6D7-BDADE43B09DC}.Debug|Any CPU.ActiveCfg = Debug|Any CPU
		{AA448522-3115-4334-B6D7-BDADE43B09DC}.Debug|Any CPU.Build.0 = Debug|Any CPU
		{AA448522-3115-4334-B6D7-BDADE43B09DC}.Release|Any CPU.ActiveCfg = Release|Any CPU
		{AA448522-3115-4334-B6D7-BDADE43B09DC}.Release|Any CPU.Build.0 = Release|Any CPU
		{A28C970E-5C9B-4B2B-BEA3-BB2AF39CABA0}.Debug|Any CPU.ActiveCfg = Debug|Any CPU
		{A28C970E-5C9B-4B2B-BEA3-BB2AF39CABA0}.Debug|Any CPU.Build.0 = Debug|Any CPU
		{A28C970E-5C9B-4B2B-BEA3-BB2AF39CABA0}.Release|Any CPU.ActiveCfg = Release|Any CPU
		{A28C970E-5C9B-4B2B-BEA3-BB2AF39CABA0}.Release|Any CPU.Build.0 = Release|Any CPU
		{42216C04-AA43-448D-B3C3-DF130A8E92FB}.Debug|Any CPU.ActiveCfg = Debug|Any CPU
		{42216C04-AA43-448D-B3C3-DF130A8E92FB}.Debug|Any CPU.Build.0 = Debug|Any CPU
		{42216C04-AA43-448D-B3C3-DF130A8E92FB}.Release|Any CPU.ActiveCfg = Release|Any CPU
		{42216C04-AA43-448D-B3C3-DF130A8E92FB}.Release|Any CPU.Build.0 = Release|Any CPU
		{EA271316-A8BC-41E4-8C2A-2955A8C1CBDE}.Debug|Any CPU.ActiveCfg = Debug|Any CPU
		{EA271316-A8BC-41E4-8C2A-2955A8C1CBDE}.Debug|Any CPU.Build.0 = Debug|Any CPU
		{EA271316-A8BC-41E4-8C2A-2955A8C1CBDE}.Release|Any CPU.ActiveCfg = Release|Any CPU
		{EA271316-A8BC-41E4-8C2A-2955A8C1CBDE}.Release|Any CPU.Build.0 = Release|Any CPU
		{55776BCD-8A5A-4CC6-BE39-EA6FEC148126}.Debug|Any CPU.ActiveCfg = Debug|Any CPU
		{55776BCD-8A5A-4CC6-BE39-EA6FEC148126}.Debug|Any CPU.Build.0 = Debug|Any CPU
		{55776BCD-8A5A-4CC6-BE39-EA6FEC148126}.Release|Any CPU.ActiveCfg = Release|Any CPU
		{55776BCD-8A5A-4CC6-BE39-EA6FEC148126}.Release|Any CPU.Build.0 = Release|Any CPU
		{AC3053B6-A971-451D-A81D-EC86172C9A46}.Debug|Any CPU.ActiveCfg = Debug|Any CPU
		{AC3053B6-A971-451D-A81D-EC86172C9A46}.Debug|Any CPU.Build.0 = Debug|Any CPU
		{AC3053B6-A971-451D-A81D-EC86172C9A46}.Release|Any CPU.ActiveCfg = Release|Any CPU
		{AC3053B6-A971-451D-A81D-EC86172C9A46}.Release|Any CPU.Build.0 = Release|Any CPU
		{DB01F2BE-9EC5-4953-808F-03C1CD67982F}.Debug|Any CPU.ActiveCfg = Debug|Any CPU
		{DB01F2BE-9EC5-4953-808F-03C1CD67982F}.Debug|Any CPU.Build.0 = Debug|Any CPU
		{DB01F2BE-9EC5-4953-808F-03C1CD67982F}.Release|Any CPU.ActiveCfg = Release|Any CPU
		{DB01F2BE-9EC5-4953-808F-03C1CD67982F}.Release|Any CPU.Build.0 = Release|Any CPU
		{31CBFDF6-337F-480D-9048-159951B6F586}.Debug|Any CPU.ActiveCfg = Debug|Any CPU
		{31CBFDF6-337F-480D-9048-159951B6F586}.Debug|Any CPU.Build.0 = Debug|Any CPU
		{31CBFDF6-337F-480D-9048-159951B6F586}.Release|Any CPU.ActiveCfg = Release|Any CPU
		{31CBFDF6-337F-480D-9048-159951B6F586}.Release|Any CPU.Build.0 = Release|Any CPU
		{5D2A45DD-CFAA-4D2E-B144-08479A9D0300}.Debug|Any CPU.ActiveCfg = Debug|Any CPU
		{5D2A45DD-CFAA-4D2E-B144-08479A9D0300}.Debug|Any CPU.Build.0 = Debug|Any CPU
		{5D2A45DD-CFAA-4D2E-B144-08479A9D0300}.Release|Any CPU.ActiveCfg = Release|Any CPU
		{5D2A45DD-CFAA-4D2E-B144-08479A9D0300}.Release|Any CPU.Build.0 = Release|Any CPU
		{A2B736F9-2FCA-4F15-93E0-A8ED27A43C20}.Debug|Any CPU.ActiveCfg = Debug|Any CPU
		{A2B736F9-2FCA-4F15-93E0-A8ED27A43C20}.Debug|Any CPU.Build.0 = Debug|Any CPU
		{A2B736F9-2FCA-4F15-93E0-A8ED27A43C20}.Release|Any CPU.ActiveCfg = Release|Any CPU
		{A2B736F9-2FCA-4F15-93E0-A8ED27A43C20}.Release|Any CPU.Build.0 = Release|Any CPU
		{D10CE819-484C-4C82-BFC3-5FCFDA8A4509}.Debug|Any CPU.ActiveCfg = Debug|Any CPU
		{D10CE819-484C-4C82-BFC3-5FCFDA8A4509}.Debug|Any CPU.Build.0 = Debug|Any CPU
		{D10CE819-484C-4C82-BFC3-5FCFDA8A4509}.Release|Any CPU.ActiveCfg = Release|Any CPU
		{D10CE819-484C-4C82-BFC3-5FCFDA8A4509}.Release|Any CPU.Build.0 = Release|Any CPU
		{2F7953DE-B4B7-45EC-940A-3B858FD3D931}.Debug|Any CPU.ActiveCfg = Debug|Any CPU
		{2F7953DE-B4B7-45EC-940A-3B858FD3D931}.Debug|Any CPU.Build.0 = Debug|Any CPU
		{2F7953DE-B4B7-45EC-940A-3B858FD3D931}.Release|Any CPU.ActiveCfg = Release|Any CPU
		{2F7953DE-B4B7-45EC-940A-3B858FD3D931}.Release|Any CPU.Build.0 = Release|Any CPU
		{D264E48A-21BC-43B8-9D7A-02F3C0F3B730}.Debug|Any CPU.ActiveCfg = Debug|Any CPU
		{D264E48A-21BC-43B8-9D7A-02F3C0F3B730}.Debug|Any CPU.Build.0 = Debug|Any CPU
		{D264E48A-21BC-43B8-9D7A-02F3C0F3B730}.Release|Any CPU.ActiveCfg = Release|Any CPU
		{D264E48A-21BC-43B8-9D7A-02F3C0F3B730}.Release|Any CPU.Build.0 = Release|Any CPU
		{4979A4C3-6436-4A81-BE8D-AEF2A6D2310F}.Debug|Any CPU.ActiveCfg = Debug|Any CPU
		{4979A4C3-6436-4A81-BE8D-AEF2A6D2310F}.Debug|Any CPU.Build.0 = Debug|Any CPU
		{4979A4C3-6436-4A81-BE8D-AEF2A6D2310F}.Release|Any CPU.ActiveCfg = Release|Any CPU
		{4979A4C3-6436-4A81-BE8D-AEF2A6D2310F}.Release|Any CPU.Build.0 = Release|Any CPU
		{D93F2FA2-D997-4255-9227-5F2673BAD38D}.Debug|Any CPU.ActiveCfg = Debug|Any CPU
		{D93F2FA2-D997-4255-9227-5F2673BAD38D}.Debug|Any CPU.Build.0 = Debug|Any CPU
		{D93F2FA2-D997-4255-9227-5F2673BAD38D}.Release|Any CPU.ActiveCfg = Release|Any CPU
		{D93F2FA2-D997-4255-9227-5F2673BAD38D}.Release|Any CPU.Build.0 = Release|Any CPU
		{704E9F2B-7AA4-47EA-9170-4870FC9EAE9C}.Debug|Any CPU.ActiveCfg = Debug|Any CPU
		{704E9F2B-7AA4-47EA-9170-4870FC9EAE9C}.Debug|Any CPU.Build.0 = Debug|Any CPU
		{704E9F2B-7AA4-47EA-9170-4870FC9EAE9C}.Release|Any CPU.ActiveCfg = Release|Any CPU
		{704E9F2B-7AA4-47EA-9170-4870FC9EAE9C}.Release|Any CPU.Build.0 = Release|Any CPU
	EndGlobalSection
	GlobalSection(SolutionProperties) = preSolution
		HideSolutionNode = FALSE
	EndGlobalSection
	GlobalSection(ExtensibilityGlobals) = postSolution
		SolutionGuid = {C4DABCF6-D586-48B0-B606-048D51BEC23A}
	EndGlobalSection
EndGlobal
