
Microsoft Visual Studio Solution File, Format Version 12.00
# Visual Studio Version 16
VisualStudioVersion = 16.0.29911.84
MinimumVisualStudioVersion = 10.0.40219.1
Project("{9A19103F-16F7-4668-BE54-9A1E7A4F7556}") = "1", "Sharp\1.csproj", "{5A9D84BC-59E1-4030-8D08-446CB6190678}"
EndProject
Project("{9A19103F-16F7-4668-BE54-9A1E7A4F7556}") = "2", "2\2.csproj", "{E5A2B38B-26BF-478B-ACB2-03EFFA61EFEF}"
EndProject
Project("{9A19103F-16F7-4668-BE54-9A1E7A4F7556}") = "3", "3\3.csproj", "{72AD1722-5A1E-43AF-A597-EA77301FAAD3}"
EndProject
Project("{9A19103F-16F7-4668-BE54-9A1E7A4F7556}") = "4 classes", "4 classes\4 classes.csproj", "{97D70ABB-EE64-4369-8F7A-9D7798E272BA}"
EndProject
Project("{9A19103F-16F7-4668-BE54-9A1E7A4F7556}") = "DZ1", "1DZ\DZ1.csproj", "{5094836C-F616-4619-AB83-F5ED860A1C09}"
EndProject
Project("{9A19103F-16F7-4668-BE54-9A1E7A4F7556}") = "5(abstract factory)", "5(abstract factory)\5(abstract factory).csproj", "{1612C41A-F6DA-4703-B33D-6061F3E52FF8}"
EndProject
Project("{9A19103F-16F7-4668-BE54-9A1E7A4F7556}") = "5(hero)not work yet", "5(hero)\5(hero)not work yet.csproj", "{37B00537-DC7E-4412-A289-617F36E7ECC5}"
EndProject
Project("{9A19103F-16F7-4668-BE54-9A1E7A4F7556}") = "5(state)", "5(state)\5(state).csproj", "{68B9BAF3-A74B-4A60-A85A-7D5303C5683E}"
EndProject
Project("{9A19103F-16F7-4668-BE54-9A1E7A4F7556}") = "6", "6\6.csproj", "{27408E7D-E04A-4406-A94B-04BB2DF6A03A}"
EndProject
Project("{9A19103F-16F7-4668-BE54-9A1E7A4F7556}") = "6(mediator)", "6(mediator)\6(mediator).csproj", "{6E99EE52-E9A1-4E85-BA09-2FCA3A4D3555}"
EndProject
Project("{9A19103F-16F7-4668-BE54-9A1E7A4F7556}") = "6(hero_gun)", "6(hero_gun)\6(hero_gun).csproj", "{35220372-32A7-480C-B294-55B2B792E720}"
EndProject
Project("{9A19103F-16F7-4668-BE54-9A1E7A4F7556}") = "6(indexator)", "6(indexator)\6(indexator).csproj", "{97B21BBD-3A41-4B80-877B-BC4920A93B76}"
EndProject
Project("{9A19103F-16F7-4668-BE54-9A1E7A4F7556}") = "6(dictionary)", "6(dictionary)\6(dictionary).csproj", "{B8079210-B4AB-4FF0-8DF0-23D911E47FDA}"
EndProject
Project("{9A19103F-16F7-4668-BE54-9A1E7A4F7556}") = "7(exception)", "7(exception)\7(exception).csproj", "{4CFDE490-05D9-4CD2-BE64-F01FB6A30D4C}"
EndProject
Project("{9A19103F-16F7-4668-BE54-9A1E7A4F7556}") = "7(my-exception-own-class)", "7(my-exception-own-class)\7(my-exception-own-class).csproj", "{694B592F-D1D9-4E6D-AAD0-578AB52C9364}"
EndProject
Project("{9A19103F-16F7-4668-BE54-9A1E7A4F7556}") = "7(exception(finally))", "7(exception(finally))\7(exception(finally)).csproj", "{D0850D06-AB62-43A5-8A72-00C8B36FC303}"
EndProject
Project("{9A19103F-16F7-4668-BE54-9A1E7A4F7556}") = "7(car)", "7(car)\7(car).csproj", "{EAE04A4A-A4AE-4C3F-8FA4-1545BC1CB3EB}"
EndProject
Project("{9A19103F-16F7-4668-BE54-9A1E7A4F7556}") = "8(static-class)", "8(static-class)\8(static-class).csproj", "{6F83EADB-1C7A-48F4-8679-CC47548D3D6E}"
EndProject
Project("{9A19103F-16F7-4668-BE54-9A1E7A4F7556}") = "8(extention_class)", "8(extention_class)\8(extention_class).csproj", "{E3F052EF-E0A7-4CC9-BCC5-5B254791D66F}"
EndProject
Project("{9A19103F-16F7-4668-BE54-9A1E7A4F7556}") = "8(class-in-class)...not completed", "8(class-in-class)\8(class-in-class)...not completed.csproj", "{6CE7B6E2-7F2A-4EBF-ACD6-0C4AEEA6DAA4}"
EndProject
Project("{9A19103F-16F7-4668-BE54-9A1E7A4F7556}") = "8(namespaces)", "8(namespaces)\8(namespaces).csproj", "{AA448522-3115-4334-B6D7-BDADE43B09DC}"
EndProject
Project("{9A19103F-16F7-4668-BE54-9A1E7A4F7556}") = "8(dll)", "8(dll)\8(dll).csproj", "{A28C970E-5C9B-4B2B-BEA3-BB2AF39CABA0}"
EndProject
Project("{FAE04EC0-301F-11D3-BF4B-00C04F79EFBC}") = "8dll", "8dll\8dll.csproj", "{42216C04-AA43-448D-B3C3-DF130A8E92FB}"
EndProject
Project("{9A19103F-16F7-4668-BE54-9A1E7A4F7556}") = "9(operators_overload)", "9(operators_overload)\9(operators_overload).csproj", "{EA271316-A8BC-41E4-8C2A-2955A8C1CBDE}"
EndProject
Project("{9A19103F-16F7-4668-BE54-9A1E7A4F7556}") = "9", "9\9.csproj", "{55776BCD-8A5A-4CC6-BE39-EA6FEC148126}"
EndProject
Project("{9A19103F-16F7-4668-BE54-9A1E7A4F7556}") = "DZ3", "3DZ\DZ3.csproj", "{AC3053B6-A971-451D-A81D-EC86172C9A46}"
EndProject
Project("{9A19103F-16F7-4668-BE54-9A1E7A4F7556}") = "10", "10\10.csproj", "{DB01F2BE-9EC5-4953-808F-03C1CD67982F}"
EndProject
Project("{9A19103F-16F7-4668-BE54-9A1E7A4F7556}") = "10(interfaces)", "10(interfaces)\10(interfaces).csproj", "{31CBFDF6-337F-480D-9048-159951B6F586}"
EndProject
Project("{9A19103F-16F7-4668-BE54-9A1E7A4F7556}") = "11", "11\11.csproj", "{5D2A45DD-CFAA-4D2E-B144-08479A9D0300}"
EndProject
Project("{9A19103F-16F7-4668-BE54-9A1E7A4F7556}") = "11(structures)", "11(structures)\11(structures).csproj", "{A2B736F9-2FCA-4F15-93E0-A8ED27A43C20}"
EndProject
Project("{9A19103F-16F7-4668-BE54-9A1E7A4F7556}") = "11(enum)", "11(enum)\11(enum).csproj", "{D10CE819-484C-4C82-BFC3-5FCFDA8A4509}"
EndProject
Project("{9A19103F-16F7-4668-BE54-9A1E7A4F7556}") = "12(delegate)", "12\12(delegate).csproj", "{2F7953DE-B4B7-45EC-940A-3B858FD3D931}"
EndProject
Project("{9A19103F-16F7-4668-BE54-9A1E7A4F7556}") = "12(anonimous_methods)", "12(anonimous_methods)\12(anonimous_methods).csproj", "{D264E48A-21BC-43B8-9D7A-02F3C0F3B730}"
EndProject
Project("{9A19103F-16F7-4668-BE54-9A1E7A4F7556}") = "12(lambda)", "12(lambda)\12(lambda).csproj", "{4979A4C3-6436-4A81-BE8D-AEF2A6D2310F}"
EndProject
Project("{9A19103F-16F7-4668-BE54-9A1E7A4F7556}") = "13", "13\13.csproj", "{D93F2FA2-D997-4255-9227-5F2673BAD38D}"
EndProject
Project("{9A19103F-16F7-4668-BE54-9A1E7A4F7556}") = "13(lambda)", "13(lambda)\13(lambda).csproj", "{704E9F2B-7AA4-47EA-9170-4870FC9EAE9C}"
EndProject
Project("{9A19103F-16F7-4668-BE54-9A1E7A4F7556}") = "14", "14\14.csproj", "{FC88F3CB-FA26-4769-8516-74072C6CD45B}"
EndProject
Project("{9A19103F-16F7-4668-BE54-9A1E7A4F7556}") = "14(action)", "14(1)\14(action).csproj", "{2A6B5BEB-45C6-4C2C-88C9-684FDE3AFAEA}"
EndProject
Project("{9A19103F-16F7-4668-BE54-9A1E7A4F7556}") = "14(event)", "14(event)\14(event).csproj", "{AC43A495-7F1B-45FA-83A4-9F77D8B3AB78}"
EndProject
Project("{9A19103F-16F7-4668-BE54-9A1E7A4F7556}") = "15(EventHandler)", "15\15(EventHandler).csproj", "{337200E1-0B5F-4BE2-A536-E0923D99F0BC}"
EndProject
Project("{9A19103F-16F7-4668-BE54-9A1E7A4F7556}") = "15(EventHandler2)", "15(EventHandler2)\15(EventHandler2).csproj", "{E0F397C3-A1F9-4C5F-83DD-18669F82D698}"
EndProject
Project("{9A19103F-16F7-4668-BE54-9A1E7A4F7556}") = "16", "16\16.csproj", "{28736FAE-9B96-41F0-ADA9-EECE858480B8}"
EndProject
Project("{9A19103F-16F7-4668-BE54-9A1E7A4F7556}") = "16(extention of class type. . .)", "16(extention of class type. . .)\16(extention of class type. . .).csproj", "{57F33521-179E-4FD2-AED7-551E27F4189F}"
EndProject
Project("{9A19103F-16F7-4668-BE54-9A1E7A4F7556}") = "16(list)", "16(list)\16(list).csproj", "{7CB029B4-DB5F-46B5-9B34-2752FADA3C57}"
EndProject
Project("{9A19103F-16F7-4668-BE54-9A1E7A4F7556}") = "17(collections)", "17(collections)\17(collections).csproj", "{07780716-8678-4C40-9B25-5F55C44E743A}"
EndProject
Project("{9A19103F-16F7-4668-BE54-9A1E7A4F7556}") = "17(collections2)", "17(collections2)\17(collections2).csproj", "{84D03ED8-1E29-4B4F-90C2-DD34918366C5}"
EndProject
Project("{9A19103F-16F7-4668-BE54-9A1E7A4F7556}") = "17(yield)", "17(yield)\17(yield).csproj", "{73A1675C-A3E4-4967-9B53-464BE0C0722C}"
EndProject
Project("{9A19103F-16F7-4668-BE54-9A1E7A4F7556}") = "17(ICollection)", "17(ICollection)\17(ICollection).csproj", "{E18FB4FA-D0A5-440C-9039-8B635A330676}"
EndProject
Project("{9A19103F-16F7-4668-BE54-9A1E7A4F7556}") = "17(List)", "17(List)\17(List).csproj", "{83260274-1804-4092-8CD7-DC29B5B80727}"
EndProject
Project("{9A19103F-16F7-4668-BE54-9A1E7A4F7556}") = "17(ArrayList)", "17(ArrayList)\17(ArrayList).csproj", "{089BDECB-5940-4115-B430-FCD32949BB22}"
EndProject
Project("{9A19103F-16F7-4668-BE54-9A1E7A4F7556}") = "17(Queue)", "17(Queue)\17(Queue).csproj", "{6D2050A0-A4FA-4779-88F2-EFD80FE0647E}"
EndProject
Project("{9A19103F-16F7-4668-BE54-9A1E7A4F7556}") = "17(Stack)", "17(Stack)\17(Stack).csproj", "{7FA45CE3-BCAE-422D-B2F8-5410DF2F49C0}"
EndProject
Project("{9A19103F-16F7-4668-BE54-9A1E7A4F7556}") = "17(HashTable)", "17(HashTable)\17(HashTable).csproj", "{55F29CF3-DC71-42B8-B2AA-6EAB75DEAA16}"
EndProject
Project("{9A19103F-16F7-4668-BE54-9A1E7A4F7556}") = "17(DictionaryGeneric)", "17(DictionaryGeneric)\17(DictionaryGeneric).csproj", "{1C039DED-FF5C-44D8-A309-AF1687F8F163}"
EndProject
Project("{9A19103F-16F7-4668-BE54-9A1E7A4F7556}") = "DZ2", "DZ2\DZ2.csproj", "{F6F8B55A-FD47-4EEE-904C-6C29D0B49181}"
EndProject
Project("{9A19103F-16F7-4668-BE54-9A1E7A4F7556}") = "18(anonimous_types)", "18(anonimous_types)\18(anonimous_types).csproj", "{103941FC-7749-47B3-B376-3700F72D2FD8}"
EndProject
Project("{9A19103F-16F7-4668-BE54-9A1E7A4F7556}") = "18(LINQ)", "18(LINQ)\18(LINQ).csproj", "{212CE4AE-8F6D-4005-AD3E-9F85311CCEC5}"
EndProject
Project("{9A19103F-16F7-4668-BE54-9A1E7A4F7556}") = "18(multiple_table)", "18(multiple_table)\18(multiple_table).csproj", "{30FD2837-56C2-4271-85B7-037EDACB53D1}"
EndProject
Project("{9A19103F-16F7-4668-BE54-9A1E7A4F7556}") = "18(let)", "18(LINQ_with_ArrayList)\18(let).csproj", "{C64C3530-53D0-406D-B858-6E37FAC8BAFC}"
EndProject
Project("{9A19103F-16F7-4668-BE54-9A1E7A4F7556}") = "18(nations)", "18(LINQ_employees)\18(nations).csproj", "{D6C39173-ED4E-48D9-B5AF-E2A7BDC51D68}"
EndProject
Project("{9A19103F-16F7-4668-BE54-9A1E7A4F7556}") = "18(LINQ2afteremployees)", "18(LINQ2afteremployees)\18(LINQ2afteremployees).csproj", "{9622C3C2-FA6A-4EDF-B8C4-3D399DE26569}"
EndProject
Project("{9A19103F-16F7-4668-BE54-9A1E7A4F7556}") = "18(LINQ2)", "18(LINQ2)\18(LINQ2).csproj", "{5D66683C-60E9-492A-A9C9-8987E7B30ACD}"
EndProject
Project("{9A19103F-16F7-4668-BE54-9A1E7A4F7556}") = "18(LINQ3)", "18(LINQ3)\18(LINQ3).csproj", "{F3D32179-F973-4701-8A5E-3369CC484538}"
EndProject
Project("{9A19103F-16F7-4668-BE54-9A1E7A4F7556}") = "18(group)", "18(group)\18(group).csproj", "{5C0EC1BE-4D73-41A1-98F9-C4D42FB2D5AB}"
EndProject
Project("{9A19103F-16F7-4668-BE54-9A1E7A4F7556}") = "18(group_national)", "18(group_national)\18(group_national).csproj", "{FE981890-897E-4653-BE4A-EEF2BDB7B39A}"
EndProject
Project("{9A19103F-16F7-4668-BE54-9A1E7A4F7556}") = "18(group_partition)", "18(group_partition)\18(group_partition).csproj", "{BA3DDF64-3E98-43E8-AF9B-EA5C5626D363}"
EndProject
Project("{9A19103F-16F7-4668-BE54-9A1E7A4F7556}") = "18(Auto)", "18(Auto)\18(Auto).csproj", "{B5348C2C-ABB9-49DA-805B-16BB8B90A8B7}"
EndProject
Project("{9A19103F-16F7-4668-BE54-9A1E7A4F7556}") = "19(file_system)", "19(file_system)\19(file_system).csproj", "{7F90E476-8ADC-47E2-8E13-EE49B73A9DAE}"
EndProject
Project("{9A19103F-16F7-4668-BE54-9A1E7A4F7556}") = "19(file_system1)", "19(file_system1)\19(file_system1).csproj", "{8F66C068-62A4-4A4F-86D5-B291FC43E9AA}"
EndProject
Project("{9A19103F-16F7-4668-BE54-9A1E7A4F7556}") = "19(directory_creation)", "19(directory_creation)\19(directory_creation).csproj", "{64120BDB-B695-49C1-89C0-CAF1D108DDFB}"
EndProject
Project("{9A19103F-16F7-4668-BE54-9A1E7A4F7556}") = "19(file_byte_write)", "19(directory)\19(file_byte_write).csproj", "{A93A44D7-FF7D-4F41-8720-862ACB1227AF}"
EndProject
Project("{9A19103F-16F7-4668-BE54-9A1E7A4F7556}") = "19(byte_write)", "19(byte_write)\19(byte_write).csproj", "{EC5E3FC6-DB4E-456A-A2B4-1EEA6F776A5E}"
EndProject
Project("{9A19103F-16F7-4668-BE54-9A1E7A4F7556}") = "19(stream_writer)", "19(stream_writer)\19(stream_writer).csproj", "{FE31AD0E-81E4-4BBB-B6FE-C2AEE9DD6D22}"
EndProject
Project("{9A19103F-16F7-4668-BE54-9A1E7A4F7556}") = "19(file_collection)", "19(file_collection)\19(file_collection).csproj", "{0A81F0D7-106D-4575-A65E-74A09A44EF5E}"
EndProject
Project("{9A19103F-16F7-4668-BE54-9A1E7A4F7556}") = "19(string_writer)", "19(string_writer)\19(string_writer).csproj", "{5544930B-C7FD-4213-99E4-C3EC3E7AED4D}"
EndProject
Project("{9A19103F-16F7-4668-BE54-9A1E7A4F7556}") = "19(binary_writer)", "19(binary_writer)\19(binary_writer).csproj", "{1CC2DE58-7E1B-4EAC-956F-BD16AE1DD9F5}"
EndProject
Project("{9A19103F-16F7-4668-BE54-9A1E7A4F7556}") = "19(buffer)", "19(buffer)\19(buffer).csproj", "{CEE2E97C-5002-44F3-BBDA-BE959A88A50C}"
EndProject
Project("{9A19103F-16F7-4668-BE54-9A1E7A4F7556}") = "20(regular_expressions)", "20(regular_expressions)\20(regular_expressions).csproj", "{40D227D2-A75B-4196-87DD-168EAF9B2DFA}"
EndProject
Project("{9A19103F-16F7-4668-BE54-9A1E7A4F7556}") = "20(regular_expressions1)", "20(regular_expressions1)\20(regular_expressions1).csproj", "{34BBB600-740B-4F76-8CFB-784A46B3F4CA}"
EndProject
Project("{9A19103F-16F7-4668-BE54-9A1E7A4F7556}") = "20(garbage_collection)", "20(garbage_collection)\20(garbage_collection).csproj", "{4CAE722B-772A-4A0E-836E-6601F488A5A1}"
EndProject
Project("{9A19103F-16F7-4668-BE54-9A1E7A4F7556}") = "20(garbage_collection1)", "20(garbage_collection1)\20(garbage_collection1).csproj", "{7793ABA5-72C7-4761-8F89-70C72A92E37E}"
EndProject
Project("{9A19103F-16F7-4668-BE54-9A1E7A4F7556}") = "DZ(inheritance)", "DZ(inheritance)\DZ(inheritance).csproj", "{1FC3F66F-245E-491D-B468-F44138476CD5}"
EndProject
Project("{9A19103F-16F7-4668-BE54-9A1E7A4F7556}") = "DZ(delegates(tank))", "DZ(delegates(tank))\DZ(delegates(tank)).csproj", "{EC05EA13-F300-453E-8113-8980BACDCA90}"
EndProject
Project("{9A19103F-16F7-4668-BE54-9A1E7A4F7556}") = "DZ(tank_lib)", "DZ(tank_lib)\DZ(tank_lib).csproj", "{2F594852-084C-4790-B63E-A107E9157621}"
EndProject
Project("{9A19103F-16F7-4668-BE54-9A1E7A4F7556}") = "21(XML)", "21(XML)\21(XML).csproj", "{FE3C18C1-9FE4-42DD-AD42-44FA617A4126}"
EndProject
Project("{9A19103F-16F7-4668-BE54-9A1E7A4F7556}") = "21(XML1)", "21(XML1)\21(XML1).csproj", "{882AAB30-808F-410A-B389-0290A0FC9359}"
EndProject
Project("{9A19103F-16F7-4668-BE54-9A1E7A4F7556}") = "21(XMl_writer)", "21(XMl_writer)\21(XMl_writer).csproj", "{2BD8D49B-F837-4150-967B-FD174A39A233}"
EndProject
Project("{9A19103F-16F7-4668-BE54-9A1E7A4F7556}") = "21(xpath)", "21(xpath)\21(xpath).csproj", "{49465DEE-8B4C-46D2-93EE-0E949FEC3711}"
EndProject
Project("{9A19103F-16F7-4668-BE54-9A1E7A4F7556}") = "21(xpath1)", "21(xpath1)\21(xpath1).csproj", "{9C699663-E3B7-40A7-AECE-50A4D4A1E026}"
EndProject
Project("{FAE04EC0-301F-11D3-BF4B-00C04F79EFBC}") = "22(xml)", "22(xml)\22(xml).csproj", "{072548B2-DD1D-4056-B230-8979C3E2FA71}"
EndProject
Project("{FAE04EC0-301F-11D3-BF4B-00C04F79EFBC}") = "22(seriealization)", "22(seriealization)\22(seriealization).csproj", "{CD64DDF7-206B-437F-B274-27E55E758C7A}"
EndProject
Project("{FAE04EC0-301F-11D3-BF4B-00C04F79EFBC}") = "22(serial_work)", "22(serial_work)\22(serial_work).csproj", "{47689906-78DD-46E7-880D-F191FD2E8939}"
EndProject
Project("{FAE04EC0-301F-11D3-BF4B-00C04F79EFBC}") = "22(xml_serialization)", "22(xml_serialization)\22(xml_serialization).csproj", "{D67A6AF0-D1CC-44B7-BC5F-CD3F5A84AE95}"
EndProject
Global
	GlobalSection(SolutionConfigurationPlatforms) = preSolution
		Debug|Any CPU = Debug|Any CPU
		Release|Any CPU = Release|Any CPU
	EndGlobalSection
	GlobalSection(ProjectConfigurationPlatforms) = postSolution
		{5A9D84BC-59E1-4030-8D08-446CB6190678}.Debug|Any CPU.ActiveCfg = Debug|Any CPU
		{5A9D84BC-59E1-4030-8D08-446CB6190678}.Debug|Any CPU.Build.0 = Debug|Any CPU
		{5A9D84BC-59E1-4030-8D08-446CB6190678}.Release|Any CPU.ActiveCfg = Release|Any CPU
		{5A9D84BC-59E1-4030-8D08-446CB6190678}.Release|Any CPU.Build.0 = Release|Any CPU
		{E5A2B38B-26BF-478B-ACB2-03EFFA61EFEF}.Debug|Any CPU.ActiveCfg = Debug|Any CPU
		{E5A2B38B-26BF-478B-ACB2-03EFFA61EFEF}.Debug|Any CPU.Build.0 = Debug|Any CPU
		{E5A2B38B-26BF-478B-ACB2-03EFFA61EFEF}.Release|Any CPU.ActiveCfg = Release|Any CPU
		{E5A2B38B-26BF-478B-ACB2-03EFFA61EFEF}.Release|Any CPU.Build.0 = Release|Any CPU
		{72AD1722-5A1E-43AF-A597-EA77301FAAD3}.Debug|Any CPU.ActiveCfg = Debug|Any CPU
		{72AD1722-5A1E-43AF-A597-EA77301FAAD3}.Debug|Any CPU.Build.0 = Debug|Any CPU
		{72AD1722-5A1E-43AF-A597-EA77301FAAD3}.Release|Any CPU.ActiveCfg = Release|Any CPU
		{72AD1722-5A1E-43AF-A597-EA77301FAAD3}.Release|Any CPU.Build.0 = Release|Any CPU
		{97D70ABB-EE64-4369-8F7A-9D7798E272BA}.Debug|Any CPU.ActiveCfg = Debug|Any CPU
		{97D70ABB-EE64-4369-8F7A-9D7798E272BA}.Debug|Any CPU.Build.0 = Debug|Any CPU
		{97D70ABB-EE64-4369-8F7A-9D7798E272BA}.Release|Any CPU.ActiveCfg = Release|Any CPU
		{97D70ABB-EE64-4369-8F7A-9D7798E272BA}.Release|Any CPU.Build.0 = Release|Any CPU
		{5094836C-F616-4619-AB83-F5ED860A1C09}.Debug|Any CPU.ActiveCfg = Debug|Any CPU
		{5094836C-F616-4619-AB83-F5ED860A1C09}.Debug|Any CPU.Build.0 = Debug|Any CPU
		{5094836C-F616-4619-AB83-F5ED860A1C09}.Release|Any CPU.ActiveCfg = Release|Any CPU
		{5094836C-F616-4619-AB83-F5ED860A1C09}.Release|Any CPU.Build.0 = Release|Any CPU
		{1612C41A-F6DA-4703-B33D-6061F3E52FF8}.Debug|Any CPU.ActiveCfg = Debug|Any CPU
		{1612C41A-F6DA-4703-B33D-6061F3E52FF8}.Debug|Any CPU.Build.0 = Debug|Any CPU
		{1612C41A-F6DA-4703-B33D-6061F3E52FF8}.Release|Any CPU.ActiveCfg = Release|Any CPU
		{1612C41A-F6DA-4703-B33D-6061F3E52FF8}.Release|Any CPU.Build.0 = Release|Any CPU
		{37B00537-DC7E-4412-A289-617F36E7ECC5}.Debug|Any CPU.ActiveCfg = Debug|Any CPU
		{37B00537-DC7E-4412-A289-617F36E7ECC5}.Debug|Any CPU.Build.0 = Debug|Any CPU
		{37B00537-DC7E-4412-A289-617F36E7ECC5}.Release|Any CPU.ActiveCfg = Release|Any CPU
		{37B00537-DC7E-4412-A289-617F36E7ECC5}.Release|Any CPU.Build.0 = Release|Any CPU
		{68B9BAF3-A74B-4A60-A85A-7D5303C5683E}.Debug|Any CPU.ActiveCfg = Debug|Any CPU
		{68B9BAF3-A74B-4A60-A85A-7D5303C5683E}.Debug|Any CPU.Build.0 = Debug|Any CPU
		{68B9BAF3-A74B-4A60-A85A-7D5303C5683E}.Release|Any CPU.ActiveCfg = Release|Any CPU
		{68B9BAF3-A74B-4A60-A85A-7D5303C5683E}.Release|Any CPU.Build.0 = Release|Any CPU
		{27408E7D-E04A-4406-A94B-04BB2DF6A03A}.Debug|Any CPU.ActiveCfg = Debug|Any CPU
		{27408E7D-E04A-4406-A94B-04BB2DF6A03A}.Debug|Any CPU.Build.0 = Debug|Any CPU
		{27408E7D-E04A-4406-A94B-04BB2DF6A03A}.Release|Any CPU.ActiveCfg = Release|Any CPU
		{27408E7D-E04A-4406-A94B-04BB2DF6A03A}.Release|Any CPU.Build.0 = Release|Any CPU
		{6E99EE52-E9A1-4E85-BA09-2FCA3A4D3555}.Debug|Any CPU.ActiveCfg = Debug|Any CPU
		{6E99EE52-E9A1-4E85-BA09-2FCA3A4D3555}.Debug|Any CPU.Build.0 = Debug|Any CPU
		{6E99EE52-E9A1-4E85-BA09-2FCA3A4D3555}.Release|Any CPU.ActiveCfg = Release|Any CPU
		{6E99EE52-E9A1-4E85-BA09-2FCA3A4D3555}.Release|Any CPU.Build.0 = Release|Any CPU
		{35220372-32A7-480C-B294-55B2B792E720}.Debug|Any CPU.ActiveCfg = Debug|Any CPU
		{35220372-32A7-480C-B294-55B2B792E720}.Debug|Any CPU.Build.0 = Debug|Any CPU
		{35220372-32A7-480C-B294-55B2B792E720}.Release|Any CPU.ActiveCfg = Release|Any CPU
		{35220372-32A7-480C-B294-55B2B792E720}.Release|Any CPU.Build.0 = Release|Any CPU
		{97B21BBD-3A41-4B80-877B-BC4920A93B76}.Debug|Any CPU.ActiveCfg = Debug|Any CPU
		{97B21BBD-3A41-4B80-877B-BC4920A93B76}.Debug|Any CPU.Build.0 = Debug|Any CPU
		{97B21BBD-3A41-4B80-877B-BC4920A93B76}.Release|Any CPU.ActiveCfg = Release|Any CPU
		{97B21BBD-3A41-4B80-877B-BC4920A93B76}.Release|Any CPU.Build.0 = Release|Any CPU
		{B8079210-B4AB-4FF0-8DF0-23D911E47FDA}.Debug|Any CPU.ActiveCfg = Debug|Any CPU
		{B8079210-B4AB-4FF0-8DF0-23D911E47FDA}.Debug|Any CPU.Build.0 = Debug|Any CPU
		{B8079210-B4AB-4FF0-8DF0-23D911E47FDA}.Release|Any CPU.ActiveCfg = Release|Any CPU
		{B8079210-B4AB-4FF0-8DF0-23D911E47FDA}.Release|Any CPU.Build.0 = Release|Any CPU
		{4CFDE490-05D9-4CD2-BE64-F01FB6A30D4C}.Debug|Any CPU.ActiveCfg = Debug|Any CPU
		{4CFDE490-05D9-4CD2-BE64-F01FB6A30D4C}.Debug|Any CPU.Build.0 = Debug|Any CPU
		{4CFDE490-05D9-4CD2-BE64-F01FB6A30D4C}.Release|Any CPU.ActiveCfg = Release|Any CPU
		{4CFDE490-05D9-4CD2-BE64-F01FB6A30D4C}.Release|Any CPU.Build.0 = Release|Any CPU
		{694B592F-D1D9-4E6D-AAD0-578AB52C9364}.Debug|Any CPU.ActiveCfg = Debug|Any CPU
		{694B592F-D1D9-4E6D-AAD0-578AB52C9364}.Debug|Any CPU.Build.0 = Debug|Any CPU
		{694B592F-D1D9-4E6D-AAD0-578AB52C9364}.Release|Any CPU.ActiveCfg = Release|Any CPU
		{694B592F-D1D9-4E6D-AAD0-578AB52C9364}.Release|Any CPU.Build.0 = Release|Any CPU
		{D0850D06-AB62-43A5-8A72-00C8B36FC303}.Debug|Any CPU.ActiveCfg = Debug|Any CPU
		{D0850D06-AB62-43A5-8A72-00C8B36FC303}.Debug|Any CPU.Build.0 = Debug|Any CPU
		{D0850D06-AB62-43A5-8A72-00C8B36FC303}.Release|Any CPU.ActiveCfg = Release|Any CPU
		{D0850D06-AB62-43A5-8A72-00C8B36FC303}.Release|Any CPU.Build.0 = Release|Any CPU
		{EAE04A4A-A4AE-4C3F-8FA4-1545BC1CB3EB}.Debug|Any CPU.ActiveCfg = Debug|Any CPU
		{EAE04A4A-A4AE-4C3F-8FA4-1545BC1CB3EB}.Debug|Any CPU.Build.0 = Debug|Any CPU
		{EAE04A4A-A4AE-4C3F-8FA4-1545BC1CB3EB}.Release|Any CPU.ActiveCfg = Release|Any CPU
		{EAE04A4A-A4AE-4C3F-8FA4-1545BC1CB3EB}.Release|Any CPU.Build.0 = Release|Any CPU
		{6F83EADB-1C7A-48F4-8679-CC47548D3D6E}.Debug|Any CPU.ActiveCfg = Debug|Any CPU
		{6F83EADB-1C7A-48F4-8679-CC47548D3D6E}.Debug|Any CPU.Build.0 = Debug|Any CPU
		{6F83EADB-1C7A-48F4-8679-CC47548D3D6E}.Release|Any CPU.ActiveCfg = Release|Any CPU
		{6F83EADB-1C7A-48F4-8679-CC47548D3D6E}.Release|Any CPU.Build.0 = Release|Any CPU
		{E3F052EF-E0A7-4CC9-BCC5-5B254791D66F}.Debug|Any CPU.ActiveCfg = Debug|Any CPU
		{E3F052EF-E0A7-4CC9-BCC5-5B254791D66F}.Debug|Any CPU.Build.0 = Debug|Any CPU
		{E3F052EF-E0A7-4CC9-BCC5-5B254791D66F}.Release|Any CPU.ActiveCfg = Release|Any CPU
		{E3F052EF-E0A7-4CC9-BCC5-5B254791D66F}.Release|Any CPU.Build.0 = Release|Any CPU
		{6CE7B6E2-7F2A-4EBF-ACD6-0C4AEEA6DAA4}.Debug|Any CPU.ActiveCfg = Debug|Any CPU
		{6CE7B6E2-7F2A-4EBF-ACD6-0C4AEEA6DAA4}.Debug|Any CPU.Build.0 = Debug|Any CPU
		{6CE7B6E2-7F2A-4EBF-ACD6-0C4AEEA6DAA4}.Release|Any CPU.ActiveCfg = Release|Any CPU
		{6CE7B6E2-7F2A-4EBF-ACD6-0C4AEEA6DAA4}.Release|Any CPU.Build.0 = Release|Any CPU
		{AA448522-3115-4334-B6D7-BDADE43B09DC}.Debug|Any CPU.ActiveCfg = Debug|Any CPU
		{AA448522-3115-4334-B6D7-BDADE43B09DC}.Debug|Any CPU.Build.0 = Debug|Any CPU
		{AA448522-3115-4334-B6D7-BDADE43B09DC}.Release|Any CPU.ActiveCfg = Release|Any CPU
		{AA448522-3115-4334-B6D7-BDADE43B09DC}.Release|Any CPU.Build.0 = Release|Any CPU
		{A28C970E-5C9B-4B2B-BEA3-BB2AF39CABA0}.Debug|Any CPU.ActiveCfg = Debug|Any CPU
		{A28C970E-5C9B-4B2B-BEA3-BB2AF39CABA0}.Debug|Any CPU.Build.0 = Debug|Any CPU
		{A28C970E-5C9B-4B2B-BEA3-BB2AF39CABA0}.Release|Any CPU.ActiveCfg = Release|Any CPU
		{A28C970E-5C9B-4B2B-BEA3-BB2AF39CABA0}.Release|Any CPU.Build.0 = Release|Any CPU
		{42216C04-AA43-448D-B3C3-DF130A8E92FB}.Debug|Any CPU.ActiveCfg = Debug|Any CPU
		{42216C04-AA43-448D-B3C3-DF130A8E92FB}.Debug|Any CPU.Build.0 = Debug|Any CPU
		{42216C04-AA43-448D-B3C3-DF130A8E92FB}.Release|Any CPU.ActiveCfg = Release|Any CPU
		{42216C04-AA43-448D-B3C3-DF130A8E92FB}.Release|Any CPU.Build.0 = Release|Any CPU
		{EA271316-A8BC-41E4-8C2A-2955A8C1CBDE}.Debug|Any CPU.ActiveCfg = Debug|Any CPU
		{EA271316-A8BC-41E4-8C2A-2955A8C1CBDE}.Debug|Any CPU.Build.0 = Debug|Any CPU
		{EA271316-A8BC-41E4-8C2A-2955A8C1CBDE}.Release|Any CPU.ActiveCfg = Release|Any CPU
		{EA271316-A8BC-41E4-8C2A-2955A8C1CBDE}.Release|Any CPU.Build.0 = Release|Any CPU
		{55776BCD-8A5A-4CC6-BE39-EA6FEC148126}.Debug|Any CPU.ActiveCfg = Debug|Any CPU
		{55776BCD-8A5A-4CC6-BE39-EA6FEC148126}.Debug|Any CPU.Build.0 = Debug|Any CPU
		{55776BCD-8A5A-4CC6-BE39-EA6FEC148126}.Release|Any CPU.ActiveCfg = Release|Any CPU
		{55776BCD-8A5A-4CC6-BE39-EA6FEC148126}.Release|Any CPU.Build.0 = Release|Any CPU
		{AC3053B6-A971-451D-A81D-EC86172C9A46}.Debug|Any CPU.ActiveCfg = Debug|Any CPU
		{AC3053B6-A971-451D-A81D-EC86172C9A46}.Debug|Any CPU.Build.0 = Debug|Any CPU
		{AC3053B6-A971-451D-A81D-EC86172C9A46}.Release|Any CPU.ActiveCfg = Release|Any CPU
		{AC3053B6-A971-451D-A81D-EC86172C9A46}.Release|Any CPU.Build.0 = Release|Any CPU
		{DB01F2BE-9EC5-4953-808F-03C1CD67982F}.Debug|Any CPU.ActiveCfg = Debug|Any CPU
		{DB01F2BE-9EC5-4953-808F-03C1CD67982F}.Debug|Any CPU.Build.0 = Debug|Any CPU
		{DB01F2BE-9EC5-4953-808F-03C1CD67982F}.Release|Any CPU.ActiveCfg = Release|Any CPU
		{DB01F2BE-9EC5-4953-808F-03C1CD67982F}.Release|Any CPU.Build.0 = Release|Any CPU
		{31CBFDF6-337F-480D-9048-159951B6F586}.Debug|Any CPU.ActiveCfg = Debug|Any CPU
		{31CBFDF6-337F-480D-9048-159951B6F586}.Debug|Any CPU.Build.0 = Debug|Any CPU
		{31CBFDF6-337F-480D-9048-159951B6F586}.Release|Any CPU.ActiveCfg = Release|Any CPU
		{31CBFDF6-337F-480D-9048-159951B6F586}.Release|Any CPU.Build.0 = Release|Any CPU
		{5D2A45DD-CFAA-4D2E-B144-08479A9D0300}.Debug|Any CPU.ActiveCfg = Debug|Any CPU
		{5D2A45DD-CFAA-4D2E-B144-08479A9D0300}.Debug|Any CPU.Build.0 = Debug|Any CPU
		{5D2A45DD-CFAA-4D2E-B144-08479A9D0300}.Release|Any CPU.ActiveCfg = Release|Any CPU
		{5D2A45DD-CFAA-4D2E-B144-08479A9D0300}.Release|Any CPU.Build.0 = Release|Any CPU
		{A2B736F9-2FCA-4F15-93E0-A8ED27A43C20}.Debug|Any CPU.ActiveCfg = Debug|Any CPU
		{A2B736F9-2FCA-4F15-93E0-A8ED27A43C20}.Debug|Any CPU.Build.0 = Debug|Any CPU
		{A2B736F9-2FCA-4F15-93E0-A8ED27A43C20}.Release|Any CPU.ActiveCfg = Release|Any CPU
		{A2B736F9-2FCA-4F15-93E0-A8ED27A43C20}.Release|Any CPU.Build.0 = Release|Any CPU
		{D10CE819-484C-4C82-BFC3-5FCFDA8A4509}.Debug|Any CPU.ActiveCfg = Debug|Any CPU
		{D10CE819-484C-4C82-BFC3-5FCFDA8A4509}.Debug|Any CPU.Build.0 = Debug|Any CPU
		{D10CE819-484C-4C82-BFC3-5FCFDA8A4509}.Release|Any CPU.ActiveCfg = Release|Any CPU
		{D10CE819-484C-4C82-BFC3-5FCFDA8A4509}.Release|Any CPU.Build.0 = Release|Any CPU
		{2F7953DE-B4B7-45EC-940A-3B858FD3D931}.Debug|Any CPU.ActiveCfg = Debug|Any CPU
		{2F7953DE-B4B7-45EC-940A-3B858FD3D931}.Debug|Any CPU.Build.0 = Debug|Any CPU
		{2F7953DE-B4B7-45EC-940A-3B858FD3D931}.Release|Any CPU.ActiveCfg = Release|Any CPU
		{2F7953DE-B4B7-45EC-940A-3B858FD3D931}.Release|Any CPU.Build.0 = Release|Any CPU
		{D264E48A-21BC-43B8-9D7A-02F3C0F3B730}.Debug|Any CPU.ActiveCfg = Debug|Any CPU
		{D264E48A-21BC-43B8-9D7A-02F3C0F3B730}.Debug|Any CPU.Build.0 = Debug|Any CPU
		{D264E48A-21BC-43B8-9D7A-02F3C0F3B730}.Release|Any CPU.ActiveCfg = Release|Any CPU
		{D264E48A-21BC-43B8-9D7A-02F3C0F3B730}.Release|Any CPU.Build.0 = Release|Any CPU
		{4979A4C3-6436-4A81-BE8D-AEF2A6D2310F}.Debug|Any CPU.ActiveCfg = Debug|Any CPU
		{4979A4C3-6436-4A81-BE8D-AEF2A6D2310F}.Debug|Any CPU.Build.0 = Debug|Any CPU
		{4979A4C3-6436-4A81-BE8D-AEF2A6D2310F}.Release|Any CPU.ActiveCfg = Release|Any CPU
		{4979A4C3-6436-4A81-BE8D-AEF2A6D2310F}.Release|Any CPU.Build.0 = Release|Any CPU
		{D93F2FA2-D997-4255-9227-5F2673BAD38D}.Debug|Any CPU.ActiveCfg = Debug|Any CPU
		{D93F2FA2-D997-4255-9227-5F2673BAD38D}.Debug|Any CPU.Build.0 = Debug|Any CPU
		{D93F2FA2-D997-4255-9227-5F2673BAD38D}.Release|Any CPU.ActiveCfg = Release|Any CPU
		{D93F2FA2-D997-4255-9227-5F2673BAD38D}.Release|Any CPU.Build.0 = Release|Any CPU
		{704E9F2B-7AA4-47EA-9170-4870FC9EAE9C}.Debug|Any CPU.ActiveCfg = Debug|Any CPU
		{704E9F2B-7AA4-47EA-9170-4870FC9EAE9C}.Debug|Any CPU.Build.0 = Debug|Any CPU
		{704E9F2B-7AA4-47EA-9170-4870FC9EAE9C}.Release|Any CPU.ActiveCfg = Release|Any CPU
		{704E9F2B-7AA4-47EA-9170-4870FC9EAE9C}.Release|Any CPU.Build.0 = Release|Any CPU
		{FC88F3CB-FA26-4769-8516-74072C6CD45B}.Debug|Any CPU.ActiveCfg = Debug|Any CPU
		{FC88F3CB-FA26-4769-8516-74072C6CD45B}.Debug|Any CPU.Build.0 = Debug|Any CPU
		{FC88F3CB-FA26-4769-8516-74072C6CD45B}.Release|Any CPU.ActiveCfg = Release|Any CPU
		{FC88F3CB-FA26-4769-8516-74072C6CD45B}.Release|Any CPU.Build.0 = Release|Any CPU
		{2A6B5BEB-45C6-4C2C-88C9-684FDE3AFAEA}.Debug|Any CPU.ActiveCfg = Debug|Any CPU
		{2A6B5BEB-45C6-4C2C-88C9-684FDE3AFAEA}.Debug|Any CPU.Build.0 = Debug|Any CPU
		{2A6B5BEB-45C6-4C2C-88C9-684FDE3AFAEA}.Release|Any CPU.ActiveCfg = Release|Any CPU
		{2A6B5BEB-45C6-4C2C-88C9-684FDE3AFAEA}.Release|Any CPU.Build.0 = Release|Any CPU
		{AC43A495-7F1B-45FA-83A4-9F77D8B3AB78}.Debug|Any CPU.ActiveCfg = Debug|Any CPU
		{AC43A495-7F1B-45FA-83A4-9F77D8B3AB78}.Debug|Any CPU.Build.0 = Debug|Any CPU
		{AC43A495-7F1B-45FA-83A4-9F77D8B3AB78}.Release|Any CPU.ActiveCfg = Release|Any CPU
		{AC43A495-7F1B-45FA-83A4-9F77D8B3AB78}.Release|Any CPU.Build.0 = Release|Any CPU
		{337200E1-0B5F-4BE2-A536-E0923D99F0BC}.Debug|Any CPU.ActiveCfg = Debug|Any CPU
		{337200E1-0B5F-4BE2-A536-E0923D99F0BC}.Debug|Any CPU.Build.0 = Debug|Any CPU
		{337200E1-0B5F-4BE2-A536-E0923D99F0BC}.Release|Any CPU.ActiveCfg = Release|Any CPU
		{337200E1-0B5F-4BE2-A536-E0923D99F0BC}.Release|Any CPU.Build.0 = Release|Any CPU
		{E0F397C3-A1F9-4C5F-83DD-18669F82D698}.Debug|Any CPU.ActiveCfg = Debug|Any CPU
		{E0F397C3-A1F9-4C5F-83DD-18669F82D698}.Debug|Any CPU.Build.0 = Debug|Any CPU
		{E0F397C3-A1F9-4C5F-83DD-18669F82D698}.Release|Any CPU.ActiveCfg = Release|Any CPU
		{E0F397C3-A1F9-4C5F-83DD-18669F82D698}.Release|Any CPU.Build.0 = Release|Any CPU
		{28736FAE-9B96-41F0-ADA9-EECE858480B8}.Debug|Any CPU.ActiveCfg = Debug|Any CPU
		{28736FAE-9B96-41F0-ADA9-EECE858480B8}.Debug|Any CPU.Build.0 = Debug|Any CPU
		{28736FAE-9B96-41F0-ADA9-EECE858480B8}.Release|Any CPU.ActiveCfg = Release|Any CPU
		{28736FAE-9B96-41F0-ADA9-EECE858480B8}.Release|Any CPU.Build.0 = Release|Any CPU
		{57F33521-179E-4FD2-AED7-551E27F4189F}.Debug|Any CPU.ActiveCfg = Debug|Any CPU
		{57F33521-179E-4FD2-AED7-551E27F4189F}.Debug|Any CPU.Build.0 = Debug|Any CPU
		{57F33521-179E-4FD2-AED7-551E27F4189F}.Release|Any CPU.ActiveCfg = Release|Any CPU
		{57F33521-179E-4FD2-AED7-551E27F4189F}.Release|Any CPU.Build.0 = Release|Any CPU
		{7CB029B4-DB5F-46B5-9B34-2752FADA3C57}.Debug|Any CPU.ActiveCfg = Debug|Any CPU
		{7CB029B4-DB5F-46B5-9B34-2752FADA3C57}.Debug|Any CPU.Build.0 = Debug|Any CPU
		{7CB029B4-DB5F-46B5-9B34-2752FADA3C57}.Release|Any CPU.ActiveCfg = Release|Any CPU
		{7CB029B4-DB5F-46B5-9B34-2752FADA3C57}.Release|Any CPU.Build.0 = Release|Any CPU
		{07780716-8678-4C40-9B25-5F55C44E743A}.Debug|Any CPU.ActiveCfg = Debug|Any CPU
		{07780716-8678-4C40-9B25-5F55C44E743A}.Debug|Any CPU.Build.0 = Debug|Any CPU
		{07780716-8678-4C40-9B25-5F55C44E743A}.Release|Any CPU.ActiveCfg = Release|Any CPU
		{07780716-8678-4C40-9B25-5F55C44E743A}.Release|Any CPU.Build.0 = Release|Any CPU
		{84D03ED8-1E29-4B4F-90C2-DD34918366C5}.Debug|Any CPU.ActiveCfg = Debug|Any CPU
		{84D03ED8-1E29-4B4F-90C2-DD34918366C5}.Debug|Any CPU.Build.0 = Debug|Any CPU
		{84D03ED8-1E29-4B4F-90C2-DD34918366C5}.Release|Any CPU.ActiveCfg = Release|Any CPU
		{84D03ED8-1E29-4B4F-90C2-DD34918366C5}.Release|Any CPU.Build.0 = Release|Any CPU
		{73A1675C-A3E4-4967-9B53-464BE0C0722C}.Debug|Any CPU.ActiveCfg = Debug|Any CPU
		{73A1675C-A3E4-4967-9B53-464BE0C0722C}.Debug|Any CPU.Build.0 = Debug|Any CPU
		{73A1675C-A3E4-4967-9B53-464BE0C0722C}.Release|Any CPU.ActiveCfg = Release|Any CPU
		{73A1675C-A3E4-4967-9B53-464BE0C0722C}.Release|Any CPU.Build.0 = Release|Any CPU
		{E18FB4FA-D0A5-440C-9039-8B635A330676}.Debug|Any CPU.ActiveCfg = Debug|Any CPU
		{E18FB4FA-D0A5-440C-9039-8B635A330676}.Debug|Any CPU.Build.0 = Debug|Any CPU
		{E18FB4FA-D0A5-440C-9039-8B635A330676}.Release|Any CPU.ActiveCfg = Release|Any CPU
		{E18FB4FA-D0A5-440C-9039-8B635A330676}.Release|Any CPU.Build.0 = Release|Any CPU
		{83260274-1804-4092-8CD7-DC29B5B80727}.Debug|Any CPU.ActiveCfg = Debug|Any CPU
		{83260274-1804-4092-8CD7-DC29B5B80727}.Debug|Any CPU.Build.0 = Debug|Any CPU
		{83260274-1804-4092-8CD7-DC29B5B80727}.Release|Any CPU.ActiveCfg = Release|Any CPU
		{83260274-1804-4092-8CD7-DC29B5B80727}.Release|Any CPU.Build.0 = Release|Any CPU
		{089BDECB-5940-4115-B430-FCD32949BB22}.Debug|Any CPU.ActiveCfg = Debug|Any CPU
		{089BDECB-5940-4115-B430-FCD32949BB22}.Debug|Any CPU.Build.0 = Debug|Any CPU
		{089BDECB-5940-4115-B430-FCD32949BB22}.Release|Any CPU.ActiveCfg = Release|Any CPU
		{089BDECB-5940-4115-B430-FCD32949BB22}.Release|Any CPU.Build.0 = Release|Any CPU
		{6D2050A0-A4FA-4779-88F2-EFD80FE0647E}.Debug|Any CPU.ActiveCfg = Debug|Any CPU
		{6D2050A0-A4FA-4779-88F2-EFD80FE0647E}.Debug|Any CPU.Build.0 = Debug|Any CPU
		{6D2050A0-A4FA-4779-88F2-EFD80FE0647E}.Release|Any CPU.ActiveCfg = Release|Any CPU
		{6D2050A0-A4FA-4779-88F2-EFD80FE0647E}.Release|Any CPU.Build.0 = Release|Any CPU
		{7FA45CE3-BCAE-422D-B2F8-5410DF2F49C0}.Debug|Any CPU.ActiveCfg = Debug|Any CPU
		{7FA45CE3-BCAE-422D-B2F8-5410DF2F49C0}.Debug|Any CPU.Build.0 = Debug|Any CPU
		{7FA45CE3-BCAE-422D-B2F8-5410DF2F49C0}.Release|Any CPU.ActiveCfg = Release|Any CPU
		{7FA45CE3-BCAE-422D-B2F8-5410DF2F49C0}.Release|Any CPU.Build.0 = Release|Any CPU
		{55F29CF3-DC71-42B8-B2AA-6EAB75DEAA16}.Debug|Any CPU.ActiveCfg = Debug|Any CPU
		{55F29CF3-DC71-42B8-B2AA-6EAB75DEAA16}.Debug|Any CPU.Build.0 = Debug|Any CPU
		{55F29CF3-DC71-42B8-B2AA-6EAB75DEAA16}.Release|Any CPU.ActiveCfg = Release|Any CPU
		{55F29CF3-DC71-42B8-B2AA-6EAB75DEAA16}.Release|Any CPU.Build.0 = Release|Any CPU
		{1C039DED-FF5C-44D8-A309-AF1687F8F163}.Debug|Any CPU.ActiveCfg = Debug|Any CPU
		{1C039DED-FF5C-44D8-A309-AF1687F8F163}.Debug|Any CPU.Build.0 = Debug|Any CPU
		{1C039DED-FF5C-44D8-A309-AF1687F8F163}.Release|Any CPU.ActiveCfg = Release|Any CPU
		{1C039DED-FF5C-44D8-A309-AF1687F8F163}.Release|Any CPU.Build.0 = Release|Any CPU
		{F6F8B55A-FD47-4EEE-904C-6C29D0B49181}.Debug|Any CPU.ActiveCfg = Debug|Any CPU
		{F6F8B55A-FD47-4EEE-904C-6C29D0B49181}.Debug|Any CPU.Build.0 = Debug|Any CPU
		{F6F8B55A-FD47-4EEE-904C-6C29D0B49181}.Release|Any CPU.ActiveCfg = Release|Any CPU
		{F6F8B55A-FD47-4EEE-904C-6C29D0B49181}.Release|Any CPU.Build.0 = Release|Any CPU
		{103941FC-7749-47B3-B376-3700F72D2FD8}.Debug|Any CPU.ActiveCfg = Debug|Any CPU
		{103941FC-7749-47B3-B376-3700F72D2FD8}.Debug|Any CPU.Build.0 = Debug|Any CPU
		{103941FC-7749-47B3-B376-3700F72D2FD8}.Release|Any CPU.ActiveCfg = Release|Any CPU
		{103941FC-7749-47B3-B376-3700F72D2FD8}.Release|Any CPU.Build.0 = Release|Any CPU
		{212CE4AE-8F6D-4005-AD3E-9F85311CCEC5}.Debug|Any CPU.ActiveCfg = Debug|Any CPU
		{212CE4AE-8F6D-4005-AD3E-9F85311CCEC5}.Debug|Any CPU.Build.0 = Debug|Any CPU
		{212CE4AE-8F6D-4005-AD3E-9F85311CCEC5}.Release|Any CPU.ActiveCfg = Release|Any CPU
		{212CE4AE-8F6D-4005-AD3E-9F85311CCEC5}.Release|Any CPU.Build.0 = Release|Any CPU
		{30FD2837-56C2-4271-85B7-037EDACB53D1}.Debug|Any CPU.ActiveCfg = Debug|Any CPU
		{30FD2837-56C2-4271-85B7-037EDACB53D1}.Debug|Any CPU.Build.0 = Debug|Any CPU
		{30FD2837-56C2-4271-85B7-037EDACB53D1}.Release|Any CPU.ActiveCfg = Release|Any CPU
		{30FD2837-56C2-4271-85B7-037EDACB53D1}.Release|Any CPU.Build.0 = Release|Any CPU
		{C64C3530-53D0-406D-B858-6E37FAC8BAFC}.Debug|Any CPU.ActiveCfg = Debug|Any CPU
		{C64C3530-53D0-406D-B858-6E37FAC8BAFC}.Debug|Any CPU.Build.0 = Debug|Any CPU
		{C64C3530-53D0-406D-B858-6E37FAC8BAFC}.Release|Any CPU.ActiveCfg = Release|Any CPU
		{C64C3530-53D0-406D-B858-6E37FAC8BAFC}.Release|Any CPU.Build.0 = Release|Any CPU
		{D6C39173-ED4E-48D9-B5AF-E2A7BDC51D68}.Debug|Any CPU.ActiveCfg = Debug|Any CPU
		{D6C39173-ED4E-48D9-B5AF-E2A7BDC51D68}.Debug|Any CPU.Build.0 = Debug|Any CPU
		{D6C39173-ED4E-48D9-B5AF-E2A7BDC51D68}.Release|Any CPU.ActiveCfg = Release|Any CPU
		{D6C39173-ED4E-48D9-B5AF-E2A7BDC51D68}.Release|Any CPU.Build.0 = Release|Any CPU
		{9622C3C2-FA6A-4EDF-B8C4-3D399DE26569}.Debug|Any CPU.ActiveCfg = Debug|Any CPU
		{9622C3C2-FA6A-4EDF-B8C4-3D399DE26569}.Debug|Any CPU.Build.0 = Debug|Any CPU
		{9622C3C2-FA6A-4EDF-B8C4-3D399DE26569}.Release|Any CPU.ActiveCfg = Release|Any CPU
		{9622C3C2-FA6A-4EDF-B8C4-3D399DE26569}.Release|Any CPU.Build.0 = Release|Any CPU
		{5D66683C-60E9-492A-A9C9-8987E7B30ACD}.Debug|Any CPU.ActiveCfg = Debug|Any CPU
		{5D66683C-60E9-492A-A9C9-8987E7B30ACD}.Debug|Any CPU.Build.0 = Debug|Any CPU
		{5D66683C-60E9-492A-A9C9-8987E7B30ACD}.Release|Any CPU.ActiveCfg = Release|Any CPU
		{5D66683C-60E9-492A-A9C9-8987E7B30ACD}.Release|Any CPU.Build.0 = Release|Any CPU
		{F3D32179-F973-4701-8A5E-3369CC484538}.Debug|Any CPU.ActiveCfg = Debug|Any CPU
		{F3D32179-F973-4701-8A5E-3369CC484538}.Debug|Any CPU.Build.0 = Debug|Any CPU
		{F3D32179-F973-4701-8A5E-3369CC484538}.Release|Any CPU.ActiveCfg = Release|Any CPU
		{F3D32179-F973-4701-8A5E-3369CC484538}.Release|Any CPU.Build.0 = Release|Any CPU
		{5C0EC1BE-4D73-41A1-98F9-C4D42FB2D5AB}.Debug|Any CPU.ActiveCfg = Debug|Any CPU
		{5C0EC1BE-4D73-41A1-98F9-C4D42FB2D5AB}.Debug|Any CPU.Build.0 = Debug|Any CPU
		{5C0EC1BE-4D73-41A1-98F9-C4D42FB2D5AB}.Release|Any CPU.ActiveCfg = Release|Any CPU
		{5C0EC1BE-4D73-41A1-98F9-C4D42FB2D5AB}.Release|Any CPU.Build.0 = Release|Any CPU
		{FE981890-897E-4653-BE4A-EEF2BDB7B39A}.Debug|Any CPU.ActiveCfg = Debug|Any CPU
		{FE981890-897E-4653-BE4A-EEF2BDB7B39A}.Debug|Any CPU.Build.0 = Debug|Any CPU
		{FE981890-897E-4653-BE4A-EEF2BDB7B39A}.Release|Any CPU.ActiveCfg = Release|Any CPU
		{FE981890-897E-4653-BE4A-EEF2BDB7B39A}.Release|Any CPU.Build.0 = Release|Any CPU
		{BA3DDF64-3E98-43E8-AF9B-EA5C5626D363}.Debug|Any CPU.ActiveCfg = Debug|Any CPU
		{BA3DDF64-3E98-43E8-AF9B-EA5C5626D363}.Debug|Any CPU.Build.0 = Debug|Any CPU
		{BA3DDF64-3E98-43E8-AF9B-EA5C5626D363}.Release|Any CPU.ActiveCfg = Release|Any CPU
		{BA3DDF64-3E98-43E8-AF9B-EA5C5626D363}.Release|Any CPU.Build.0 = Release|Any CPU
		{B5348C2C-ABB9-49DA-805B-16BB8B90A8B7}.Debug|Any CPU.ActiveCfg = Debug|Any CPU
		{B5348C2C-ABB9-49DA-805B-16BB8B90A8B7}.Debug|Any CPU.Build.0 = Debug|Any CPU
		{B5348C2C-ABB9-49DA-805B-16BB8B90A8B7}.Release|Any CPU.ActiveCfg = Release|Any CPU
		{B5348C2C-ABB9-49DA-805B-16BB8B90A8B7}.Release|Any CPU.Build.0 = Release|Any CPU
		{7F90E476-8ADC-47E2-8E13-EE49B73A9DAE}.Debug|Any CPU.ActiveCfg = Debug|Any CPU
		{7F90E476-8ADC-47E2-8E13-EE49B73A9DAE}.Debug|Any CPU.Build.0 = Debug|Any CPU
		{7F90E476-8ADC-47E2-8E13-EE49B73A9DAE}.Release|Any CPU.ActiveCfg = Release|Any CPU
		{7F90E476-8ADC-47E2-8E13-EE49B73A9DAE}.Release|Any CPU.Build.0 = Release|Any CPU
		{8F66C068-62A4-4A4F-86D5-B291FC43E9AA}.Debug|Any CPU.ActiveCfg = Debug|Any CPU
		{8F66C068-62A4-4A4F-86D5-B291FC43E9AA}.Debug|Any CPU.Build.0 = Debug|Any CPU
		{8F66C068-62A4-4A4F-86D5-B291FC43E9AA}.Release|Any CPU.ActiveCfg = Release|Any CPU
		{8F66C068-62A4-4A4F-86D5-B291FC43E9AA}.Release|Any CPU.Build.0 = Release|Any CPU
		{64120BDB-B695-49C1-89C0-CAF1D108DDFB}.Debug|Any CPU.ActiveCfg = Debug|Any CPU
		{64120BDB-B695-49C1-89C0-CAF1D108DDFB}.Debug|Any CPU.Build.0 = Debug|Any CPU
		{64120BDB-B695-49C1-89C0-CAF1D108DDFB}.Release|Any CPU.ActiveCfg = Release|Any CPU
		{64120BDB-B695-49C1-89C0-CAF1D108DDFB}.Release|Any CPU.Build.0 = Release|Any CPU
		{A93A44D7-FF7D-4F41-8720-862ACB1227AF}.Debug|Any CPU.ActiveCfg = Debug|Any CPU
		{A93A44D7-FF7D-4F41-8720-862ACB1227AF}.Debug|Any CPU.Build.0 = Debug|Any CPU
		{A93A44D7-FF7D-4F41-8720-862ACB1227AF}.Release|Any CPU.ActiveCfg = Release|Any CPU
		{A93A44D7-FF7D-4F41-8720-862ACB1227AF}.Release|Any CPU.Build.0 = Release|Any CPU
		{EC5E3FC6-DB4E-456A-A2B4-1EEA6F776A5E}.Debug|Any CPU.ActiveCfg = Debug|Any CPU
		{EC5E3FC6-DB4E-456A-A2B4-1EEA6F776A5E}.Debug|Any CPU.Build.0 = Debug|Any CPU
		{EC5E3FC6-DB4E-456A-A2B4-1EEA6F776A5E}.Release|Any CPU.ActiveCfg = Release|Any CPU
		{EC5E3FC6-DB4E-456A-A2B4-1EEA6F776A5E}.Release|Any CPU.Build.0 = Release|Any CPU
		{FE31AD0E-81E4-4BBB-B6FE-C2AEE9DD6D22}.Debug|Any CPU.ActiveCfg = Debug|Any CPU
		{FE31AD0E-81E4-4BBB-B6FE-C2AEE9DD6D22}.Debug|Any CPU.Build.0 = Debug|Any CPU
		{FE31AD0E-81E4-4BBB-B6FE-C2AEE9DD6D22}.Release|Any CPU.ActiveCfg = Release|Any CPU
		{FE31AD0E-81E4-4BBB-B6FE-C2AEE9DD6D22}.Release|Any CPU.Build.0 = Release|Any CPU
		{0A81F0D7-106D-4575-A65E-74A09A44EF5E}.Debug|Any CPU.ActiveCfg = Debug|Any CPU
		{0A81F0D7-106D-4575-A65E-74A09A44EF5E}.Debug|Any CPU.Build.0 = Debug|Any CPU
		{0A81F0D7-106D-4575-A65E-74A09A44EF5E}.Release|Any CPU.ActiveCfg = Release|Any CPU
		{0A81F0D7-106D-4575-A65E-74A09A44EF5E}.Release|Any CPU.Build.0 = Release|Any CPU
		{5544930B-C7FD-4213-99E4-C3EC3E7AED4D}.Debug|Any CPU.ActiveCfg = Debug|Any CPU
		{5544930B-C7FD-4213-99E4-C3EC3E7AED4D}.Debug|Any CPU.Build.0 = Debug|Any CPU
		{5544930B-C7FD-4213-99E4-C3EC3E7AED4D}.Release|Any CPU.ActiveCfg = Release|Any CPU
		{5544930B-C7FD-4213-99E4-C3EC3E7AED4D}.Release|Any CPU.Build.0 = Release|Any CPU
		{1CC2DE58-7E1B-4EAC-956F-BD16AE1DD9F5}.Debug|Any CPU.ActiveCfg = Debug|Any CPU
		{1CC2DE58-7E1B-4EAC-956F-BD16AE1DD9F5}.Debug|Any CPU.Build.0 = Debug|Any CPU
		{1CC2DE58-7E1B-4EAC-956F-BD16AE1DD9F5}.Release|Any CPU.ActiveCfg = Release|Any CPU
		{1CC2DE58-7E1B-4EAC-956F-BD16AE1DD9F5}.Release|Any CPU.Build.0 = Release|Any CPU
		{CEE2E97C-5002-44F3-BBDA-BE959A88A50C}.Debug|Any CPU.ActiveCfg = Debug|Any CPU
		{CEE2E97C-5002-44F3-BBDA-BE959A88A50C}.Debug|Any CPU.Build.0 = Debug|Any CPU
		{CEE2E97C-5002-44F3-BBDA-BE959A88A50C}.Release|Any CPU.ActiveCfg = Release|Any CPU
		{CEE2E97C-5002-44F3-BBDA-BE959A88A50C}.Release|Any CPU.Build.0 = Release|Any CPU
		{40D227D2-A75B-4196-87DD-168EAF9B2DFA}.Debug|Any CPU.ActiveCfg = Debug|Any CPU
		{40D227D2-A75B-4196-87DD-168EAF9B2DFA}.Debug|Any CPU.Build.0 = Debug|Any CPU
		{40D227D2-A75B-4196-87DD-168EAF9B2DFA}.Release|Any CPU.ActiveCfg = Release|Any CPU
		{40D227D2-A75B-4196-87DD-168EAF9B2DFA}.Release|Any CPU.Build.0 = Release|Any CPU
		{34BBB600-740B-4F76-8CFB-784A46B3F4CA}.Debug|Any CPU.ActiveCfg = Debug|Any CPU
		{34BBB600-740B-4F76-8CFB-784A46B3F4CA}.Debug|Any CPU.Build.0 = Debug|Any CPU
		{34BBB600-740B-4F76-8CFB-784A46B3F4CA}.Release|Any CPU.ActiveCfg = Release|Any CPU
		{34BBB600-740B-4F76-8CFB-784A46B3F4CA}.Release|Any CPU.Build.0 = Release|Any CPU
		{4CAE722B-772A-4A0E-836E-6601F488A5A1}.Debug|Any CPU.ActiveCfg = Debug|Any CPU
		{4CAE722B-772A-4A0E-836E-6601F488A5A1}.Debug|Any CPU.Build.0 = Debug|Any CPU
		{4CAE722B-772A-4A0E-836E-6601F488A5A1}.Release|Any CPU.ActiveCfg = Release|Any CPU
		{4CAE722B-772A-4A0E-836E-6601F488A5A1}.Release|Any CPU.Build.0 = Release|Any CPU
		{7793ABA5-72C7-4761-8F89-70C72A92E37E}.Debug|Any CPU.ActiveCfg = Debug|Any CPU
		{7793ABA5-72C7-4761-8F89-70C72A92E37E}.Debug|Any CPU.Build.0 = Debug|Any CPU
		{7793ABA5-72C7-4761-8F89-70C72A92E37E}.Release|Any CPU.ActiveCfg = Release|Any CPU
		{7793ABA5-72C7-4761-8F89-70C72A92E37E}.Release|Any CPU.Build.0 = Release|Any CPU
		{1FC3F66F-245E-491D-B468-F44138476CD5}.Debug|Any CPU.ActiveCfg = Debug|Any CPU
		{1FC3F66F-245E-491D-B468-F44138476CD5}.Debug|Any CPU.Build.0 = Debug|Any CPU
		{1FC3F66F-245E-491D-B468-F44138476CD5}.Release|Any CPU.ActiveCfg = Release|Any CPU
		{1FC3F66F-245E-491D-B468-F44138476CD5}.Release|Any CPU.Build.0 = Release|Any CPU
		{EC05EA13-F300-453E-8113-8980BACDCA90}.Debug|Any CPU.ActiveCfg = Debug|Any CPU
		{EC05EA13-F300-453E-8113-8980BACDCA90}.Debug|Any CPU.Build.0 = Debug|Any CPU
		{EC05EA13-F300-453E-8113-8980BACDCA90}.Release|Any CPU.ActiveCfg = Release|Any CPU
		{EC05EA13-F300-453E-8113-8980BACDCA90}.Release|Any CPU.Build.0 = Release|Any CPU
		{2F594852-084C-4790-B63E-A107E9157621}.Debug|Any CPU.ActiveCfg = Debug|Any CPU
		{2F594852-084C-4790-B63E-A107E9157621}.Debug|Any CPU.Build.0 = Debug|Any CPU
		{2F594852-084C-4790-B63E-A107E9157621}.Release|Any CPU.ActiveCfg = Release|Any CPU
		{2F594852-084C-4790-B63E-A107E9157621}.Release|Any CPU.Build.0 = Release|Any CPU
		{FE3C18C1-9FE4-42DD-AD42-44FA617A4126}.Debug|Any CPU.ActiveCfg = Debug|Any CPU
		{FE3C18C1-9FE4-42DD-AD42-44FA617A4126}.Debug|Any CPU.Build.0 = Debug|Any CPU
		{FE3C18C1-9FE4-42DD-AD42-44FA617A4126}.Release|Any CPU.ActiveCfg = Release|Any CPU
		{FE3C18C1-9FE4-42DD-AD42-44FA617A4126}.Release|Any CPU.Build.0 = Release|Any CPU
		{882AAB30-808F-410A-B389-0290A0FC9359}.Debug|Any CPU.ActiveCfg = Debug|Any CPU
		{882AAB30-808F-410A-B389-0290A0FC9359}.Debug|Any CPU.Build.0 = Debug|Any CPU
		{882AAB30-808F-410A-B389-0290A0FC9359}.Release|Any CPU.ActiveCfg = Release|Any CPU
		{882AAB30-808F-410A-B389-0290A0FC9359}.Release|Any CPU.Build.0 = Release|Any CPU
		{2BD8D49B-F837-4150-967B-FD174A39A233}.Debug|Any CPU.ActiveCfg = Debug|Any CPU
		{2BD8D49B-F837-4150-967B-FD174A39A233}.Debug|Any CPU.Build.0 = Debug|Any CPU
		{2BD8D49B-F837-4150-967B-FD174A39A233}.Release|Any CPU.ActiveCfg = Release|Any CPU
		{2BD8D49B-F837-4150-967B-FD174A39A233}.Release|Any CPU.Build.0 = Release|Any CPU
		{49465DEE-8B4C-46D2-93EE-0E949FEC3711}.Debug|Any CPU.ActiveCfg = Debug|Any CPU
		{49465DEE-8B4C-46D2-93EE-0E949FEC3711}.Debug|Any CPU.Build.0 = Debug|Any CPU
		{49465DEE-8B4C-46D2-93EE-0E949FEC3711}.Release|Any CPU.ActiveCfg = Release|Any CPU
		{49465DEE-8B4C-46D2-93EE-0E949FEC3711}.Release|Any CPU.Build.0 = Release|Any CPU
		{9C699663-E3B7-40A7-AECE-50A4D4A1E026}.Debug|Any CPU.ActiveCfg = Debug|Any CPU
		{9C699663-E3B7-40A7-AECE-50A4D4A1E026}.Debug|Any CPU.Build.0 = Debug|Any CPU
		{9C699663-E3B7-40A7-AECE-50A4D4A1E026}.Release|Any CPU.ActiveCfg = Release|Any CPU
		{9C699663-E3B7-40A7-AECE-50A4D4A1E026}.Release|Any CPU.Build.0 = Release|Any CPU
		{072548B2-DD1D-4056-B230-8979C3E2FA71}.Debug|Any CPU.ActiveCfg = Debug|Any CPU
		{072548B2-DD1D-4056-B230-8979C3E2FA71}.Debug|Any CPU.Build.0 = Debug|Any CPU
		{072548B2-DD1D-4056-B230-8979C3E2FA71}.Release|Any CPU.ActiveCfg = Release|Any CPU
		{072548B2-DD1D-4056-B230-8979C3E2FA71}.Release|Any CPU.Build.0 = Release|Any CPU
		{CD64DDF7-206B-437F-B274-27E55E758C7A}.Debug|Any CPU.ActiveCfg = Debug|Any CPU
		{CD64DDF7-206B-437F-B274-27E55E758C7A}.Debug|Any CPU.Build.0 = Debug|Any CPU
		{CD64DDF7-206B-437F-B274-27E55E758C7A}.Release|Any CPU.ActiveCfg = Release|Any CPU
		{CD64DDF7-206B-437F-B274-27E55E758C7A}.Release|Any CPU.Build.0 = Release|Any CPU
		{47689906-78DD-46E7-880D-F191FD2E8939}.Debug|Any CPU.ActiveCfg = Debug|Any CPU
		{47689906-78DD-46E7-880D-F191FD2E8939}.Debug|Any CPU.Build.0 = Debug|Any CPU
		{47689906-78DD-46E7-880D-F191FD2E8939}.Release|Any CPU.ActiveCfg = Release|Any CPU
		{47689906-78DD-46E7-880D-F191FD2E8939}.Release|Any CPU.Build.0 = Release|Any CPU
		{D67A6AF0-D1CC-44B7-BC5F-CD3F5A84AE95}.Debug|Any CPU.ActiveCfg = Debug|Any CPU
		{D67A6AF0-D1CC-44B7-BC5F-CD3F5A84AE95}.Debug|Any CPU.Build.0 = Debug|Any CPU
		{D67A6AF0-D1CC-44B7-BC5F-CD3F5A84AE95}.Release|Any CPU.ActiveCfg = Release|Any CPU
		{D67A6AF0-D1CC-44B7-BC5F-CD3F5A84AE95}.Release|Any CPU.Build.0 = Release|Any CPU
	EndGlobalSection
	GlobalSection(SolutionProperties) = preSolution
		HideSolutionNode = FALSE
	EndGlobalSection
	GlobalSection(ExtensibilityGlobals) = postSolution
		SolutionGuid = {C4DABCF6-D586-48B0-B606-048D51BEC23A}
	EndGlobalSection
EndGlobal
