
Microsoft Visual Studio Solution File, Format Version 12.00
# Visual Studio Version 16
VisualStudioVersion = 16.0.30611.23
MinimumVisualStudioVersion = 10.0.40219.1
Project("{FAE04EC0-301F-11D3-BF4B-00C04F79EFBC}") = "Processors11", "Processors11\Processors11.csproj", "{5E112BB7-C4C5-40BB-8115-D197D6B12822}"
EndProject
Project("{FAE04EC0-301F-11D3-BF4B-00C04F79EFBC}") = "Processors11(Register)", "Processors11(Register)\Processors11(Register).csproj", "{0D5E0657-D945-4B6D-A084-B84A7D9F53CD}"
EndProject
Global
	GlobalSection(SolutionConfigurationPlatforms) = preSolution
		Debug|Any CPU = Debug|Any CPU
		Release|Any CPU = Release|Any CPU
	EndGlobalSection
	GlobalSection(ProjectConfigurationPlatforms) = postSolution
		{5E112BB7-C4C5-40BB-8115-D197D6B12822}.Debug|Any CPU.ActiveCfg = Debug|Any CPU
		{5E112BB7-C4C5-40BB-8115-D197D6B12822}.Debug|Any CPU.Build.0 = Debug|Any CPU
		{5E112BB7-C4C5-40BB-8115-D197D6B12822}.Release|Any CPU.ActiveCfg = Release|Any CPU
		{5E112BB7-C4C5-40BB-8115-D197D6B12822}.Release|Any CPU.Build.0 = Release|Any CPU
		{0D5E0657-D945-4B6D-A084-B84A7D9F53CD}.Debug|Any CPU.ActiveCfg = Debug|Any CPU
		{0D5E0657-D945-4B6D-A084-B84A7D9F53CD}.Debug|Any CPU.Build.0 = Debug|Any CPU
		{0D5E0657-D945-4B6D-A084-B84A7D9F53CD}.Release|Any CPU.ActiveCfg = Release|Any CPU
		{0D5E0657-D945-4B6D-A084-B84A7D9F53CD}.Release|Any CPU.Build.0 = Release|Any CPU
	EndGlobalSection
	GlobalSection(SolutionProperties) = preSolution
		HideSolutionNode = FALSE
	EndGlobalSection
	GlobalSection(ExtensibilityGlobals) = postSolution
		SolutionGuid = {61EB211E-2045-4088-AE24-61C3573E24E4}
	EndGlobalSection
EndGlobal
