
Microsoft Visual Studio Solution File, Format Version 12.00
# Visual Studio Version 16
VisualStudioVersion = 16.0.30011.22
MinimumVisualStudioVersion = 10.0.40219.1
Project("{8BC9CEB8-8B4A-11D0-8D11-00A0C91BC942}") = "1(WinApi)", "1\1.vcxproj", "{884373CD-63DF-4FFD-80FF-A579EC8FB39B}"
EndProject
Project("{8BC9CEB8-8B4A-11D0-8D11-00A0C91BC942}") = "1(Windows32App)", "1(Windows32App)\1(Windows32App).vcxproj", "{66CE6B7E-0433-4057-AE98-1E4DEE46089F}"
EndProject
Project("{8BC9CEB8-8B4A-11D0-8D11-00A0C91BC942}") = "2(WinApi)", "2(WinApi)\2(WinApi).vcxproj", "{D0285AE5-4E8C-4083-B6A5-1AF002A1E0E4}"
EndProject
Project("{8BC9CEB8-8B4A-11D0-8D11-00A0C91BC942}") = "3(KeyLogger)", "3(KeyLogger)\3(KeyLogger).vcxproj", "{880E1FCA-DF37-402B-81B8-113D120A8E3E}"
EndProject
Project("{8BC9CEB8-8B4A-11D0-8D11-00A0C91BC942}") = "3(Hook)", "3(Hook)\3(Hook).vcxproj", "{A33CBF50-956B-4D04-B854-EFE163A7ABA1}"
EndProject
Project("{FAE04EC0-301F-11D3-BF4B-00C04F79EFBC}") = "4(WinForms)", "4(WinForms)\4(WinForms).csproj", "{79FEB97B-DC1B-47A9-8A5A-7E6F14546CAE}"
EndProject
Project("{8BC9CEB8-8B4A-11D0-8D11-00A0C91BC942}") = "DZ1", "DZ1\DZ1.vcxproj", "{10875413-9D83-4D57-AB94-A44285B268FF}"
EndProject
Project("{8BC9CEB8-8B4A-11D0-8D11-00A0C91BC942}") = "DZ2", "DZ2\DZ2.vcxproj", "{7E09E7FE-A363-471A-B39F-81A2EFAB554B}"
EndProject
Project("{FAE04EC0-301F-11D3-BF4B-00C04F79EFBC}") = "5(Control elements)", "5(Control elements)\5(Control elements).csproj", "{63257D61-E8F2-47E3-9CA7-333D6A262408}"
EndProject
Project("{FAE04EC0-301F-11D3-BF4B-00C04F79EFBC}") = "5(excersise)", "5(excersise)\5(excersise).csproj", "{AC9D3567-EC16-400A-8CF3-FBE2BAC8F928}"
EndProject
Global
	GlobalSection(SolutionConfigurationPlatforms) = preSolution
		Debug|Any CPU = Debug|Any CPU
		Debug|x64 = Debug|x64
		Debug|x86 = Debug|x86
		Release|Any CPU = Release|Any CPU
		Release|x64 = Release|x64
		Release|x86 = Release|x86
	EndGlobalSection
	GlobalSection(ProjectConfigurationPlatforms) = postSolution
		{884373CD-63DF-4FFD-80FF-A579EC8FB39B}.Debug|Any CPU.ActiveCfg = Debug|Win32
		{884373CD-63DF-4FFD-80FF-A579EC8FB39B}.Debug|x64.ActiveCfg = Debug|x64
		{884373CD-63DF-4FFD-80FF-A579EC8FB39B}.Debug|x64.Build.0 = Debug|x64
		{884373CD-63DF-4FFD-80FF-A579EC8FB39B}.Debug|x86.ActiveCfg = Debug|Win32
		{884373CD-63DF-4FFD-80FF-A579EC8FB39B}.Debug|x86.Build.0 = Debug|Win32
		{884373CD-63DF-4FFD-80FF-A579EC8FB39B}.Release|Any CPU.ActiveCfg = Release|Win32
		{884373CD-63DF-4FFD-80FF-A579EC8FB39B}.Release|x64.ActiveCfg = Release|x64
		{884373CD-63DF-4FFD-80FF-A579EC8FB39B}.Release|x64.Build.0 = Release|x64
		{884373CD-63DF-4FFD-80FF-A579EC8FB39B}.Release|x86.ActiveCfg = Release|Win32
		{884373CD-63DF-4FFD-80FF-A579EC8FB39B}.Release|x86.Build.0 = Release|Win32
		{66CE6B7E-0433-4057-AE98-1E4DEE46089F}.Debug|Any CPU.ActiveCfg = Debug|Win32
		{66CE6B7E-0433-4057-AE98-1E4DEE46089F}.Debug|x64.ActiveCfg = Debug|x64
		{66CE6B7E-0433-4057-AE98-1E4DEE46089F}.Debug|x64.Build.0 = Debug|x64
		{66CE6B7E-0433-4057-AE98-1E4DEE46089F}.Debug|x86.ActiveCfg = Debug|Win32
		{66CE6B7E-0433-4057-AE98-1E4DEE46089F}.Debug|x86.Build.0 = Debug|Win32
		{66CE6B7E-0433-4057-AE98-1E4DEE46089F}.Release|Any CPU.ActiveCfg = Release|Win32
		{66CE6B7E-0433-4057-AE98-1E4DEE46089F}.Release|x64.ActiveCfg = Release|x64
		{66CE6B7E-0433-4057-AE98-1E4DEE46089F}.Release|x64.Build.0 = Release|x64
		{66CE6B7E-0433-4057-AE98-1E4DEE46089F}.Release|x86.ActiveCfg = Release|Win32
		{66CE6B7E-0433-4057-AE98-1E4DEE46089F}.Release|x86.Build.0 = Release|Win32
		{D0285AE5-4E8C-4083-B6A5-1AF002A1E0E4}.Debug|Any CPU.ActiveCfg = Debug|Win32
		{D0285AE5-4E8C-4083-B6A5-1AF002A1E0E4}.Debug|x64.ActiveCfg = Debug|x64
		{D0285AE5-4E8C-4083-B6A5-1AF002A1E0E4}.Debug|x64.Build.0 = Debug|x64
		{D0285AE5-4E8C-4083-B6A5-1AF002A1E0E4}.Debug|x86.ActiveCfg = Debug|Win32
		{D0285AE5-4E8C-4083-B6A5-1AF002A1E0E4}.Debug|x86.Build.0 = Debug|Win32
		{D0285AE5-4E8C-4083-B6A5-1AF002A1E0E4}.Release|Any CPU.ActiveCfg = Release|Win32
		{D0285AE5-4E8C-4083-B6A5-1AF002A1E0E4}.Release|x64.ActiveCfg = Release|x64
		{D0285AE5-4E8C-4083-B6A5-1AF002A1E0E4}.Release|x64.Build.0 = Release|x64
		{D0285AE5-4E8C-4083-B6A5-1AF002A1E0E4}.Release|x86.ActiveCfg = Release|Win32
		{D0285AE5-4E8C-4083-B6A5-1AF002A1E0E4}.Release|x86.Build.0 = Release|Win32
		{880E1FCA-DF37-402B-81B8-113D120A8E3E}.Debug|Any CPU.ActiveCfg = Debug|Win32
		{880E1FCA-DF37-402B-81B8-113D120A8E3E}.Debug|x64.ActiveCfg = Debug|x64
		{880E1FCA-DF37-402B-81B8-113D120A8E3E}.Debug|x64.Build.0 = Debug|x64
		{880E1FCA-DF37-402B-81B8-113D120A8E3E}.Debug|x86.ActiveCfg = Debug|Win32
		{880E1FCA-DF37-402B-81B8-113D120A8E3E}.Debug|x86.Build.0 = Debug|Win32
		{880E1FCA-DF37-402B-81B8-113D120A8E3E}.Release|Any CPU.ActiveCfg = Release|Win32
		{880E1FCA-DF37-402B-81B8-113D120A8E3E}.Release|x64.ActiveCfg = Release|x64
		{880E1FCA-DF37-402B-81B8-113D120A8E3E}.Release|x64.Build.0 = Release|x64
		{880E1FCA-DF37-402B-81B8-113D120A8E3E}.Release|x86.ActiveCfg = Release|Win32
		{880E1FCA-DF37-402B-81B8-113D120A8E3E}.Release|x86.Build.0 = Release|Win32
		{A33CBF50-956B-4D04-B854-EFE163A7ABA1}.Debug|Any CPU.ActiveCfg = Debug|Win32
		{A33CBF50-956B-4D04-B854-EFE163A7ABA1}.Debug|x64.ActiveCfg = Debug|x64
		{A33CBF50-956B-4D04-B854-EFE163A7ABA1}.Debug|x64.Build.0 = Debug|x64
		{A33CBF50-956B-4D04-B854-EFE163A7ABA1}.Debug|x86.ActiveCfg = Debug|Win32
		{A33CBF50-956B-4D04-B854-EFE163A7ABA1}.Debug|x86.Build.0 = Debug|Win32
		{A33CBF50-956B-4D04-B854-EFE163A7ABA1}.Release|Any CPU.ActiveCfg = Release|Win32
		{A33CBF50-956B-4D04-B854-EFE163A7ABA1}.Release|x64.ActiveCfg = Release|x64
		{A33CBF50-956B-4D04-B854-EFE163A7ABA1}.Release|x64.Build.0 = Release|x64
		{A33CBF50-956B-4D04-B854-EFE163A7ABA1}.Release|x86.ActiveCfg = Release|Win32
		{A33CBF50-956B-4D04-B854-EFE163A7ABA1}.Release|x86.Build.0 = Release|Win32
		{79FEB97B-DC1B-47A9-8A5A-7E6F14546CAE}.Debug|Any CPU.ActiveCfg = Debug|Any CPU
		{79FEB97B-DC1B-47A9-8A5A-7E6F14546CAE}.Debug|Any CPU.Build.0 = Debug|Any CPU
		{79FEB97B-DC1B-47A9-8A5A-7E6F14546CAE}.Debug|x64.ActiveCfg = Debug|Any CPU
		{79FEB97B-DC1B-47A9-8A5A-7E6F14546CAE}.Debug|x64.Build.0 = Debug|Any CPU
		{79FEB97B-DC1B-47A9-8A5A-7E6F14546CAE}.Debug|x86.ActiveCfg = Debug|Any CPU
		{79FEB97B-DC1B-47A9-8A5A-7E6F14546CAE}.Debug|x86.Build.0 = Debug|Any CPU
		{79FEB97B-DC1B-47A9-8A5A-7E6F14546CAE}.Release|Any CPU.ActiveCfg = Release|Any CPU
		{79FEB97B-DC1B-47A9-8A5A-7E6F14546CAE}.Release|Any CPU.Build.0 = Release|Any CPU
		{79FEB97B-DC1B-47A9-8A5A-7E6F14546CAE}.Release|x64.ActiveCfg = Release|Any CPU
		{79FEB97B-DC1B-47A9-8A5A-7E6F14546CAE}.Release|x64.Build.0 = Release|Any CPU
		{79FEB97B-DC1B-47A9-8A5A-7E6F14546CAE}.Release|x86.ActiveCfg = Release|Any CPU
		{79FEB97B-DC1B-47A9-8A5A-7E6F14546CAE}.Release|x86.Build.0 = Release|Any CPU
		{10875413-9D83-4D57-AB94-A44285B268FF}.Debug|Any CPU.ActiveCfg = Debug|Win32
		{10875413-9D83-4D57-AB94-A44285B268FF}.Debug|x64.ActiveCfg = Debug|x64
		{10875413-9D83-4D57-AB94-A44285B268FF}.Debug|x64.Build.0 = Debug|x64
		{10875413-9D83-4D57-AB94-A44285B268FF}.Debug|x86.ActiveCfg = Debug|Win32
		{10875413-9D83-4D57-AB94-A44285B268FF}.Debug|x86.Build.0 = Debug|Win32
		{10875413-9D83-4D57-AB94-A44285B268FF}.Release|Any CPU.ActiveCfg = Release|Win32
		{10875413-9D83-4D57-AB94-A44285B268FF}.Release|x64.ActiveCfg = Release|x64
		{10875413-9D83-4D57-AB94-A44285B268FF}.Release|x64.Build.0 = Release|x64
		{10875413-9D83-4D57-AB94-A44285B268FF}.Release|x86.ActiveCfg = Release|Win32
		{10875413-9D83-4D57-AB94-A44285B268FF}.Release|x86.Build.0 = Release|Win32
		{7E09E7FE-A363-471A-B39F-81A2EFAB554B}.Debug|Any CPU.ActiveCfg = Debug|Win32
		{7E09E7FE-A363-471A-B39F-81A2EFAB554B}.Debug|x64.ActiveCfg = Debug|x64
		{7E09E7FE-A363-471A-B39F-81A2EFAB554B}.Debug|x64.Build.0 = Debug|x64
		{7E09E7FE-A363-471A-B39F-81A2EFAB554B}.Debug|x86.ActiveCfg = Debug|Win32
		{7E09E7FE-A363-471A-B39F-81A2EFAB554B}.Debug|x86.Build.0 = Debug|Win32
		{7E09E7FE-A363-471A-B39F-81A2EFAB554B}.Release|Any CPU.ActiveCfg = Release|Win32
		{7E09E7FE-A363-471A-B39F-81A2EFAB554B}.Release|x64.ActiveCfg = Release|x64
		{7E09E7FE-A363-471A-B39F-81A2EFAB554B}.Release|x64.Build.0 = Release|x64
		{7E09E7FE-A363-471A-B39F-81A2EFAB554B}.Release|x86.ActiveCfg = Release|Win32
		{7E09E7FE-A363-471A-B39F-81A2EFAB554B}.Release|x86.Build.0 = Release|Win32
		{63257D61-E8F2-47E3-9CA7-333D6A262408}.Debug|Any CPU.ActiveCfg = Debug|Any CPU
		{63257D61-E8F2-47E3-9CA7-333D6A262408}.Debug|Any CPU.Build.0 = Debug|Any CPU
		{63257D61-E8F2-47E3-9CA7-333D6A262408}.Debug|x64.ActiveCfg = Debug|Any CPU
		{63257D61-E8F2-47E3-9CA7-333D6A262408}.Debug|x64.Build.0 = Debug|Any CPU
		{63257D61-E8F2-47E3-9CA7-333D6A262408}.Debug|x86.ActiveCfg = Debug|Any CPU
		{63257D61-E8F2-47E3-9CA7-333D6A262408}.Debug|x86.Build.0 = Debug|Any CPU
		{63257D61-E8F2-47E3-9CA7-333D6A262408}.Release|Any CPU.ActiveCfg = Release|Any CPU
		{63257D61-E8F2-47E3-9CA7-333D6A262408}.Release|Any CPU.Build.0 = Release|Any CPU
		{63257D61-E8F2-47E3-9CA7-333D6A262408}.Release|x64.ActiveCfg = Release|Any CPU
		{63257D61-E8F2-47E3-9CA7-333D6A262408}.Release|x64.Build.0 = Release|Any CPU
		{63257D61-E8F2-47E3-9CA7-333D6A262408}.Release|x86.ActiveCfg = Release|Any CPU
		{63257D61-E8F2-47E3-9CA7-333D6A262408}.Release|x86.Build.0 = Release|Any CPU
		{AC9D3567-EC16-400A-8CF3-FBE2BAC8F928}.Debug|Any CPU.ActiveCfg = Debug|Any CPU
		{AC9D3567-EC16-400A-8CF3-FBE2BAC8F928}.Debug|Any CPU.Build.0 = Debug|Any CPU
		{AC9D3567-EC16-400A-8CF3-FBE2BAC8F928}.Debug|x64.ActiveCfg = Debug|Any CPU
		{AC9D3567-EC16-400A-8CF3-FBE2BAC8F928}.Debug|x64.Build.0 = Debug|Any CPU
		{AC9D3567-EC16-400A-8CF3-FBE2BAC8F928}.Debug|x86.ActiveCfg = Debug|Any CPU
		{AC9D3567-EC16-400A-8CF3-FBE2BAC8F928}.Debug|x86.Build.0 = Debug|Any CPU
		{AC9D3567-EC16-400A-8CF3-FBE2BAC8F928}.Release|Any CPU.ActiveCfg = Release|Any CPU
		{AC9D3567-EC16-400A-8CF3-FBE2BAC8F928}.Release|Any CPU.Build.0 = Release|Any CPU
		{AC9D3567-EC16-400A-8CF3-FBE2BAC8F928}.Release|x64.ActiveCfg = Release|Any CPU
		{AC9D3567-EC16-400A-8CF3-FBE2BAC8F928}.Release|x64.Build.0 = Release|Any CPU
		{AC9D3567-EC16-400A-8CF3-FBE2BAC8F928}.Release|x86.ActiveCfg = Release|Any CPU
		{AC9D3567-EC16-400A-8CF3-FBE2BAC8F928}.Release|x86.Build.0 = Release|Any CPU
	EndGlobalSection
	GlobalSection(SolutionProperties) = preSolution
		HideSolutionNode = FALSE
	EndGlobalSection
	GlobalSection(ExtensibilityGlobals) = postSolution
		SolutionGuid = {B98CAA53-A0E4-4501-87E3-67C32D6B9338}
	EndGlobalSection
EndGlobal
