
Microsoft Visual Studio Solution File, Format Version 12.00
# Visual Studio Version 16
VisualStudioVersion = 16.0.30011.22
MinimumVisualStudioVersion = 10.0.40219.1
Project("{8BC9CEB8-8B4A-11D0-8D11-00A0C91BC942}") = "1(WinApi)", "1\1.vcxproj", "{884373CD-63DF-4FFD-80FF-A579EC8FB39B}"
EndProject
Project("{8BC9CEB8-8B4A-11D0-8D11-00A0C91BC942}") = "1(Windows32App)", "1(Windows32App)\1(Windows32App).vcxproj", "{66CE6B7E-0433-4057-AE98-1E4DEE46089F}"
EndProject
Project("{8BC9CEB8-8B4A-11D0-8D11-00A0C91BC942}") = "2(WinApi)", "2(WinApi)\2(WinApi).vcxproj", "{D0285AE5-4E8C-4083-B6A5-1AF002A1E0E4}"
EndProject
Project("{8BC9CEB8-8B4A-11D0-8D11-00A0C91BC942}") = "3(KeyLogger)", "3(KeyLogger)\3(KeyLogger).vcxproj", "{880E1FCA-DF37-402B-81B8-113D120A8E3E}"
EndProject
Project("{8BC9CEB8-8B4A-11D0-8D11-00A0C91BC942}") = "3(Hook)", "3(Hook)\3(Hook).vcxproj", "{A33CBF50-956B-4D04-B854-EFE163A7ABA1}"
EndProject
Global
	GlobalSection(SolutionConfigurationPlatforms) = preSolution
		Debug|x64 = Debug|x64
		Debug|x86 = Debug|x86
		Release|x64 = Release|x64
		Release|x86 = Release|x86
	EndGlobalSection
	GlobalSection(ProjectConfigurationPlatforms) = postSolution
		{884373CD-63DF-4FFD-80FF-A579EC8FB39B}.Debug|x64.ActiveCfg = Debug|x64
		{884373CD-63DF-4FFD-80FF-A579EC8FB39B}.Debug|x64.Build.0 = Debug|x64
		{884373CD-63DF-4FFD-80FF-A579EC8FB39B}.Debug|x86.ActiveCfg = Debug|Win32
		{884373CD-63DF-4FFD-80FF-A579EC8FB39B}.Debug|x86.Build.0 = Debug|Win32
		{884373CD-63DF-4FFD-80FF-A579EC8FB39B}.Release|x64.ActiveCfg = Release|x64
		{884373CD-63DF-4FFD-80FF-A579EC8FB39B}.Release|x64.Build.0 = Release|x64
		{884373CD-63DF-4FFD-80FF-A579EC8FB39B}.Release|x86.ActiveCfg = Release|Win32
		{884373CD-63DF-4FFD-80FF-A579EC8FB39B}.Release|x86.Build.0 = Release|Win32
		{66CE6B7E-0433-4057-AE98-1E4DEE46089F}.Debug|x64.ActiveCfg = Debug|x64
		{66CE6B7E-0433-4057-AE98-1E4DEE46089F}.Debug|x64.Build.0 = Debug|x64
		{66CE6B7E-0433-4057-AE98-1E4DEE46089F}.Debug|x86.ActiveCfg = Debug|Win32
		{66CE6B7E-0433-4057-AE98-1E4DEE46089F}.Debug|x86.Build.0 = Debug|Win32
		{66CE6B7E-0433-4057-AE98-1E4DEE46089F}.Release|x64.ActiveCfg = Release|x64
		{66CE6B7E-0433-4057-AE98-1E4DEE46089F}.Release|x64.Build.0 = Release|x64
		{66CE6B7E-0433-4057-AE98-1E4DEE46089F}.Release|x86.ActiveCfg = Release|Win32
		{66CE6B7E-0433-4057-AE98-1E4DEE46089F}.Release|x86.Build.0 = Release|Win32
		{D0285AE5-4E8C-4083-B6A5-1AF002A1E0E4}.Debug|x64.ActiveCfg = Debug|x64
		{D0285AE5-4E8C-4083-B6A5-1AF002A1E0E4}.Debug|x64.Build.0 = Debug|x64
		{D0285AE5-4E8C-4083-B6A5-1AF002A1E0E4}.Debug|x86.ActiveCfg = Debug|Win32
		{D0285AE5-4E8C-4083-B6A5-1AF002A1E0E4}.Debug|x86.Build.0 = Debug|Win32
		{D0285AE5-4E8C-4083-B6A5-1AF002A1E0E4}.Release|x64.ActiveCfg = Release|x64
		{D0285AE5-4E8C-4083-B6A5-1AF002A1E0E4}.Release|x64.Build.0 = Release|x64
		{D0285AE5-4E8C-4083-B6A5-1AF002A1E0E4}.Release|x86.ActiveCfg = Release|Win32
		{D0285AE5-4E8C-4083-B6A5-1AF002A1E0E4}.Release|x86.Build.0 = Release|Win32
		{880E1FCA-DF37-402B-81B8-113D120A8E3E}.Debug|x64.ActiveCfg = Debug|x64
		{880E1FCA-DF37-402B-81B8-113D120A8E3E}.Debug|x64.Build.0 = Debug|x64
		{880E1FCA-DF37-402B-81B8-113D120A8E3E}.Debug|x86.ActiveCfg = Debug|Win32
		{880E1FCA-DF37-402B-81B8-113D120A8E3E}.Debug|x86.Build.0 = Debug|Win32
		{880E1FCA-DF37-402B-81B8-113D120A8E3E}.Release|x64.ActiveCfg = Release|x64
		{880E1FCA-DF37-402B-81B8-113D120A8E3E}.Release|x64.Build.0 = Release|x64
		{880E1FCA-DF37-402B-81B8-113D120A8E3E}.Release|x86.ActiveCfg = Release|Win32
		{880E1FCA-DF37-402B-81B8-113D120A8E3E}.Release|x86.Build.0 = Release|Win32
		{A33CBF50-956B-4D04-B854-EFE163A7ABA1}.Debug|x64.ActiveCfg = Debug|x64
		{A33CBF50-956B-4D04-B854-EFE163A7ABA1}.Debug|x64.Build.0 = Debug|x64
		{A33CBF50-956B-4D04-B854-EFE163A7ABA1}.Debug|x86.ActiveCfg = Debug|Win32
		{A33CBF50-956B-4D04-B854-EFE163A7ABA1}.Debug|x86.Build.0 = Debug|Win32
		{A33CBF50-956B-4D04-B854-EFE163A7ABA1}.Release|x64.ActiveCfg = Release|x64
		{A33CBF50-956B-4D04-B854-EFE163A7ABA1}.Release|x64.Build.0 = Release|x64
		{A33CBF50-956B-4D04-B854-EFE163A7ABA1}.Release|x86.ActiveCfg = Release|Win32
		{A33CBF50-956B-4D04-B854-EFE163A7ABA1}.Release|x86.Build.0 = Release|Win32
	EndGlobalSection
	GlobalSection(SolutionProperties) = preSolution
		HideSolutionNode = FALSE
	EndGlobalSection
	GlobalSection(ExtensibilityGlobals) = postSolution
		SolutionGuid = {B98CAA53-A0E4-4501-87E3-67C32D6B9338}
	EndGlobalSection
EndGlobal
