
Microsoft Visual Studio Solution File, Format Version 12.00
# Visual Studio Version 16
VisualStudioVersion = 16.0.30611.23
MinimumVisualStudioVersion = 10.0.40219.1
Project("{FAE04EC0-301F-11D3-BF4B-00C04F79EFBC}") = "Processors6", "Processors6\Processors6.csproj", "{1FB5BEE8-1A78-48EB-A6D4-64213CB1784D}"
EndProject
Project("{FAE04EC0-301F-11D3-BF4B-00C04F79EFBC}") = "Processors6(Matrix)", "Processors6(Matrix)\Processors6(Matrix).csproj", "{592BFC96-3B85-46DA-B434-00BD70A7E09A}"
EndProject
Global
	GlobalSection(SolutionConfigurationPlatforms) = preSolution
		Debug|Any CPU = Debug|Any CPU
		Release|Any CPU = Release|Any CPU
	EndGlobalSection
	GlobalSection(ProjectConfigurationPlatforms) = postSolution
		{1FB5BEE8-1A78-48EB-A6D4-64213CB1784D}.Debug|Any CPU.ActiveCfg = Debug|Any CPU
		{1FB5BEE8-1A78-48EB-A6D4-64213CB1784D}.Debug|Any CPU.Build.0 = Debug|Any CPU
		{1FB5BEE8-1A78-48EB-A6D4-64213CB1784D}.Release|Any CPU.ActiveCfg = Release|Any CPU
		{1FB5BEE8-1A78-48EB-A6D4-64213CB1784D}.Release|Any CPU.Build.0 = Release|Any CPU
		{592BFC96-3B85-46DA-B434-00BD70A7E09A}.Debug|Any CPU.ActiveCfg = Debug|Any CPU
		{592BFC96-3B85-46DA-B434-00BD70A7E09A}.Debug|Any CPU.Build.0 = Debug|Any CPU
		{592BFC96-3B85-46DA-B434-00BD70A7E09A}.Release|Any CPU.ActiveCfg = Release|Any CPU
		{592BFC96-3B85-46DA-B434-00BD70A7E09A}.Release|Any CPU.Build.0 = Release|Any CPU
	EndGlobalSection
	GlobalSection(SolutionProperties) = preSolution
		HideSolutionNode = FALSE
	EndGlobalSection
	GlobalSection(ExtensibilityGlobals) = postSolution
		SolutionGuid = {3C28FF9A-4540-4B63-BCEE-0910889B7E2A}
	EndGlobalSection
EndGlobal
