
Microsoft Visual Studio Solution File, Format Version 12.00
# Visual Studio Version 16
VisualStudioVersion = 16.0.30523.141
MinimumVisualStudioVersion = 10.0.40219.1
Project("{FAE04EC0-301F-11D3-BF4B-00C04F79EFBC}") = "P1", "P1\P1.csproj", "{F7544887-FD9B-4287-A41C-31BFC2670CB4}"
EndProject
Project("{FAE04EC0-301F-11D3-BF4B-00C04F79EFBC}") = "Child1", "Child1\Child1.csproj", "{22B5C531-1709-49FC-A632-8FC19DBA9807}"
EndProject
Project("{FAE04EC0-301F-11D3-BF4B-00C04F79EFBC}") = "Main", "Main\Main.csproj", "{9E884737-2E34-4007-9A19-7CE033D51515}"
EndProject
Global
	GlobalSection(SolutionConfigurationPlatforms) = preSolution
		Debug|Any CPU = Debug|Any CPU
		Release|Any CPU = Release|Any CPU
	EndGlobalSection
	GlobalSection(ProjectConfigurationPlatforms) = postSolution
		{F7544887-FD9B-4287-A41C-31BFC2670CB4}.Debug|Any CPU.ActiveCfg = Debug|Any CPU
		{F7544887-FD9B-4287-A41C-31BFC2670CB4}.Debug|Any CPU.Build.0 = Debug|Any CPU
		{F7544887-FD9B-4287-A41C-31BFC2670CB4}.Release|Any CPU.ActiveCfg = Release|Any CPU
		{F7544887-FD9B-4287-A41C-31BFC2670CB4}.Release|Any CPU.Build.0 = Release|Any CPU
		{22B5C531-1709-49FC-A632-8FC19DBA9807}.Debug|Any CPU.ActiveCfg = Debug|Any CPU
		{22B5C531-1709-49FC-A632-8FC19DBA9807}.Debug|Any CPU.Build.0 = Debug|Any CPU
		{22B5C531-1709-49FC-A632-8FC19DBA9807}.Release|Any CPU.ActiveCfg = Release|Any CPU
		{22B5C531-1709-49FC-A632-8FC19DBA9807}.Release|Any CPU.Build.0 = Release|Any CPU
		{9E884737-2E34-4007-9A19-7CE033D51515}.Debug|Any CPU.ActiveCfg = Debug|Any CPU
		{9E884737-2E34-4007-9A19-7CE033D51515}.Debug|Any CPU.Build.0 = Debug|Any CPU
		{9E884737-2E34-4007-9A19-7CE033D51515}.Release|Any CPU.ActiveCfg = Release|Any CPU
		{9E884737-2E34-4007-9A19-7CE033D51515}.Release|Any CPU.Build.0 = Release|Any CPU
	EndGlobalSection
	GlobalSection(SolutionProperties) = preSolution
		HideSolutionNode = FALSE
	EndGlobalSection
	GlobalSection(ExtensibilityGlobals) = postSolution
		SolutionGuid = {EE5F656A-3E4A-48FD-9D27-AC88A27B1F75}
	EndGlobalSection
EndGlobal
