
Microsoft Visual Studio Solution File, Format Version 12.00
# Visual Studio Version 16
VisualStudioVersion = 16.0.30611.23
MinimumVisualStudioVersion = 10.0.40219.1
Project("{FAE04EC0-301F-11D3-BF4B-00C04F79EFBC}") = "Processors8", "Processors8\Processors8.csproj", "{1B5C3119-5B8D-41AA-98B0-716A6743846B}"
EndProject
Project("{FAE04EC0-301F-11D3-BF4B-00C04F79EFBC}") = "Processors8_1", "Processors8_1\Processors8_1.csproj", "{EE6FD317-608F-4617-AE9B-D218D346FA0D}"
EndProject
Global
	GlobalSection(SolutionConfigurationPlatforms) = preSolution
		Debug|Any CPU = Debug|Any CPU
		Release|Any CPU = Release|Any CPU
	EndGlobalSection
	GlobalSection(ProjectConfigurationPlatforms) = postSolution
		{1B5C3119-5B8D-41AA-98B0-716A6743846B}.Debug|Any CPU.ActiveCfg = Debug|Any CPU
		{1B5C3119-5B8D-41AA-98B0-716A6743846B}.Debug|Any CPU.Build.0 = Debug|Any CPU
		{1B5C3119-5B8D-41AA-98B0-716A6743846B}.Release|Any CPU.ActiveCfg = Release|Any CPU
		{1B5C3119-5B8D-41AA-98B0-716A6743846B}.Release|Any CPU.Build.0 = Release|Any CPU
		{EE6FD317-608F-4617-AE9B-D218D346FA0D}.Debug|Any CPU.ActiveCfg = Debug|Any CPU
		{EE6FD317-608F-4617-AE9B-D218D346FA0D}.Debug|Any CPU.Build.0 = Debug|Any CPU
		{EE6FD317-608F-4617-AE9B-D218D346FA0D}.Release|Any CPU.ActiveCfg = Release|Any CPU
		{EE6FD317-608F-4617-AE9B-D218D346FA0D}.Release|Any CPU.Build.0 = Release|Any CPU
	EndGlobalSection
	GlobalSection(SolutionProperties) = preSolution
		HideSolutionNode = FALSE
	EndGlobalSection
	GlobalSection(ExtensibilityGlobals) = postSolution
		SolutionGuid = {75E48FA2-03E9-4D5F-81FB-E408A4468196}
	EndGlobalSection
EndGlobal
