
Microsoft Visual Studio Solution File, Format Version 12.00
# Visual Studio Version 16
VisualStudioVersion = 16.0.30611.23
MinimumVisualStudioVersion = 10.0.40219.1
Project("{FAE04EC0-301F-11D3-BF4B-00C04F79EFBC}") = "Processors12", "Processors12\Processors12.csproj", "{ACA9997A-B7C2-462E-8C3F-8F4501659F53}"
EndProject
Global
	GlobalSection(SolutionConfigurationPlatforms) = preSolution
		Debug|Any CPU = Debug|Any CPU
		Release|Any CPU = Release|Any CPU
	EndGlobalSection
	GlobalSection(ProjectConfigurationPlatforms) = postSolution
		{ACA9997A-B7C2-462E-8C3F-8F4501659F53}.Debug|Any CPU.ActiveCfg = Debug|Any CPU
		{ACA9997A-B7C2-462E-8C3F-8F4501659F53}.Debug|Any CPU.Build.0 = Debug|Any CPU
		{ACA9997A-B7C2-462E-8C3F-8F4501659F53}.Release|Any CPU.ActiveCfg = Release|Any CPU
		{ACA9997A-B7C2-462E-8C3F-8F4501659F53}.Release|Any CPU.Build.0 = Release|Any CPU
	EndGlobalSection
	GlobalSection(SolutionProperties) = preSolution
		HideSolutionNode = FALSE
	EndGlobalSection
	GlobalSection(ExtensibilityGlobals) = postSolution
		SolutionGuid = {F90CBE68-E7BB-4DBA-80E2-144ACA9946A3}
	EndGlobalSection
EndGlobal
