
Microsoft Visual Studio Solution File, Format Version 12.00
# Visual Studio Version 16
VisualStudioVersion = 16.0.30611.23
MinimumVisualStudioVersion = 10.0.40219.1
Project("{FAE04EC0-301F-11D3-BF4B-00C04F79EFBC}") = "Processors7", "Processors7\Processors7.csproj", "{CC4DB76B-2A17-4810-94BD-0F3CDE322832}"
EndProject
Global
	GlobalSection(SolutionConfigurationPlatforms) = preSolution
		Debug|Any CPU = Debug|Any CPU
		Release|Any CPU = Release|Any CPU
	EndGlobalSection
	GlobalSection(ProjectConfigurationPlatforms) = postSolution
		{CC4DB76B-2A17-4810-94BD-0F3CDE322832}.Debug|Any CPU.ActiveCfg = Debug|Any CPU
		{CC4DB76B-2A17-4810-94BD-0F3CDE322832}.Debug|Any CPU.Build.0 = Debug|Any CPU
		{CC4DB76B-2A17-4810-94BD-0F3CDE322832}.Release|Any CPU.ActiveCfg = Release|Any CPU
		{CC4DB76B-2A17-4810-94BD-0F3CDE322832}.Release|Any CPU.Build.0 = Release|Any CPU
	EndGlobalSection
	GlobalSection(SolutionProperties) = preSolution
		HideSolutionNode = FALSE
	EndGlobalSection
	GlobalSection(ExtensibilityGlobals) = postSolution
		SolutionGuid = {C41B6598-F278-4699-A24C-2872CC0528AD}
	EndGlobalSection
EndGlobal
