
Microsoft Visual Studio Solution File, Format Version 12.00
# Visual Studio Version 16
VisualStudioVersion = 16.0.30320.27
MinimumVisualStudioVersion = 10.0.40219.1
Project("{FAE04EC0-301F-11D3-BF4B-00C04F79EFBC}") = "SQL", "SQL\SQL.csproj", "{8D1A6DA6-6D24-4730-9F9C-A097B6AEEC01}"
EndProject
Project("{FAE04EC0-301F-11D3-BF4B-00C04F79EFBC}") = "12", "12\12.csproj", "{F802F958-259B-41C6-A316-F4C6632D3AEB}"
EndProject
Project("{FAE04EC0-301F-11D3-BF4B-00C04F79EFBC}") = "ADotNet", "ADotNet\ADotNet.csproj", "{338807A1-7402-4AE7-95B9-4BF982FBF237}"
EndProject
Project("{FAE04EC0-301F-11D3-BF4B-00C04F79EFBC}") = "WpfAppADO_l2", "WpfAppADO_l2\WpfAppADO_l2\WpfAppADO_l2.csproj", "{8454D438-CB61-46DF-A216-441EE6FD8E91}"
EndProject
Project("{FAE04EC0-301F-11D3-BF4B-00C04F79EFBC}") = "WpfAppADO_l3", "WpfAppADO_l3\WpfAppADO_l3.csproj", "{047C17AD-1447-488D-8318-0A733E9C57C7}"
EndProject
Project("{FAE04EC0-301F-11D3-BF4B-00C04F79EFBC}") = "Study_ado", "Study_ado\Study_ado.csproj", "{79ECE1F6-364D-446D-A5EC-470708039024}"
EndProject
Project("{FAE04EC0-301F-11D3-BF4B-00C04F79EFBC}") = "ADotNet1", "ADotNet1\ADotNet1.csproj", "{9347C316-F1ED-4A49-AFB6-686BFDA660E5}"
EndProject
Project("{FAE04EC0-301F-11D3-BF4B-00C04F79EFBC}") = "Strudy_ado_2", "Strudy_ado_2\Strudy_ado_2.csproj", "{773DA153-46E0-48D9-AAD5-7F86484D7807}"
EndProject
Project("{FAE04EC0-301F-11D3-BF4B-00C04F79EFBC}") = "Shop_linq", "Shop_linq\Shop_linq.csproj", "{06C674E9-862D-41B4-BA5B-8768B7187C4F}"
EndProject
Project("{FAE04EC0-301F-11D3-BF4B-00C04F79EFBC}") = "SQL(EF_Code)", "SQL(EF_Code)\SQL(EF_Code).csproj", "{9EA5BB07-3B31-4B8C-BA84-06941FBB788E}"
EndProject
Project("{FAE04EC0-301F-11D3-BF4B-00C04F79EFBC}") = "SQL(EF2)", "SQL(EF2)\SQL(EF2).csproj", "{0FB22FBC-1BE2-4F91-A0AD-6AF55F90C491}"
EndProject
Global
	GlobalSection(SolutionConfigurationPlatforms) = preSolution
		Debug|Any CPU = Debug|Any CPU
		Release|Any CPU = Release|Any CPU
	EndGlobalSection
	GlobalSection(ProjectConfigurationPlatforms) = postSolution
		{8D1A6DA6-6D24-4730-9F9C-A097B6AEEC01}.Debug|Any CPU.ActiveCfg = Debug|Any CPU
		{8D1A6DA6-6D24-4730-9F9C-A097B6AEEC01}.Debug|Any CPU.Build.0 = Debug|Any CPU
		{8D1A6DA6-6D24-4730-9F9C-A097B6AEEC01}.Release|Any CPU.ActiveCfg = Release|Any CPU
		{8D1A6DA6-6D24-4730-9F9C-A097B6AEEC01}.Release|Any CPU.Build.0 = Release|Any CPU
		{F802F958-259B-41C6-A316-F4C6632D3AEB}.Debug|Any CPU.ActiveCfg = Debug|Any CPU
		{F802F958-259B-41C6-A316-F4C6632D3AEB}.Debug|Any CPU.Build.0 = Debug|Any CPU
		{F802F958-259B-41C6-A316-F4C6632D3AEB}.Release|Any CPU.ActiveCfg = Release|Any CPU
		{F802F958-259B-41C6-A316-F4C6632D3AEB}.Release|Any CPU.Build.0 = Release|Any CPU
		{338807A1-7402-4AE7-95B9-4BF982FBF237}.Debug|Any CPU.ActiveCfg = Debug|Any CPU
		{338807A1-7402-4AE7-95B9-4BF982FBF237}.Debug|Any CPU.Build.0 = Debug|Any CPU
		{338807A1-7402-4AE7-95B9-4BF982FBF237}.Release|Any CPU.ActiveCfg = Release|Any CPU
		{338807A1-7402-4AE7-95B9-4BF982FBF237}.Release|Any CPU.Build.0 = Release|Any CPU
		{8454D438-CB61-46DF-A216-441EE6FD8E91}.Debug|Any CPU.ActiveCfg = Debug|Any CPU
		{8454D438-CB61-46DF-A216-441EE6FD8E91}.Debug|Any CPU.Build.0 = Debug|Any CPU
		{8454D438-CB61-46DF-A216-441EE6FD8E91}.Release|Any CPU.ActiveCfg = Release|Any CPU
		{8454D438-CB61-46DF-A216-441EE6FD8E91}.Release|Any CPU.Build.0 = Release|Any CPU
		{047C17AD-1447-488D-8318-0A733E9C57C7}.Debug|Any CPU.ActiveCfg = Debug|Any CPU
		{047C17AD-1447-488D-8318-0A733E9C57C7}.Debug|Any CPU.Build.0 = Debug|Any CPU
		{047C17AD-1447-488D-8318-0A733E9C57C7}.Release|Any CPU.ActiveCfg = Release|Any CPU
		{047C17AD-1447-488D-8318-0A733E9C57C7}.Release|Any CPU.Build.0 = Release|Any CPU
		{79ECE1F6-364D-446D-A5EC-470708039024}.Debug|Any CPU.ActiveCfg = Debug|Any CPU
		{79ECE1F6-364D-446D-A5EC-470708039024}.Debug|Any CPU.Build.0 = Debug|Any CPU
		{79ECE1F6-364D-446D-A5EC-470708039024}.Release|Any CPU.ActiveCfg = Release|Any CPU
		{79ECE1F6-364D-446D-A5EC-470708039024}.Release|Any CPU.Build.0 = Release|Any CPU
		{9347C316-F1ED-4A49-AFB6-686BFDA660E5}.Debug|Any CPU.ActiveCfg = Debug|Any CPU
		{9347C316-F1ED-4A49-AFB6-686BFDA660E5}.Debug|Any CPU.Build.0 = Debug|Any CPU
		{9347C316-F1ED-4A49-AFB6-686BFDA660E5}.Release|Any CPU.ActiveCfg = Release|Any CPU
		{9347C316-F1ED-4A49-AFB6-686BFDA660E5}.Release|Any CPU.Build.0 = Release|Any CPU
		{773DA153-46E0-48D9-AAD5-7F86484D7807}.Debug|Any CPU.ActiveCfg = Debug|Any CPU
		{773DA153-46E0-48D9-AAD5-7F86484D7807}.Debug|Any CPU.Build.0 = Debug|Any CPU
		{773DA153-46E0-48D9-AAD5-7F86484D7807}.Release|Any CPU.ActiveCfg = Release|Any CPU
		{773DA153-46E0-48D9-AAD5-7F86484D7807}.Release|Any CPU.Build.0 = Release|Any CPU
		{06C674E9-862D-41B4-BA5B-8768B7187C4F}.Debug|Any CPU.ActiveCfg = Debug|Any CPU
		{06C674E9-862D-41B4-BA5B-8768B7187C4F}.Debug|Any CPU.Build.0 = Debug|Any CPU
		{06C674E9-862D-41B4-BA5B-8768B7187C4F}.Release|Any CPU.ActiveCfg = Release|Any CPU
		{06C674E9-862D-41B4-BA5B-8768B7187C4F}.Release|Any CPU.Build.0 = Release|Any CPU
		{9EA5BB07-3B31-4B8C-BA84-06941FBB788E}.Debug|Any CPU.ActiveCfg = Debug|Any CPU
		{9EA5BB07-3B31-4B8C-BA84-06941FBB788E}.Debug|Any CPU.Build.0 = Debug|Any CPU
		{9EA5BB07-3B31-4B8C-BA84-06941FBB788E}.Release|Any CPU.ActiveCfg = Release|Any CPU
		{9EA5BB07-3B31-4B8C-BA84-06941FBB788E}.Release|Any CPU.Build.0 = Release|Any CPU
		{0FB22FBC-1BE2-4F91-A0AD-6AF55F90C491}.Debug|Any CPU.ActiveCfg = Debug|Any CPU
		{0FB22FBC-1BE2-4F91-A0AD-6AF55F90C491}.Debug|Any CPU.Build.0 = Debug|Any CPU
		{0FB22FBC-1BE2-4F91-A0AD-6AF55F90C491}.Release|Any CPU.ActiveCfg = Release|Any CPU
		{0FB22FBC-1BE2-4F91-A0AD-6AF55F90C491}.Release|Any CPU.Build.0 = Release|Any CPU
	EndGlobalSection
	GlobalSection(SolutionProperties) = preSolution
		HideSolutionNode = FALSE
	EndGlobalSection
	GlobalSection(ExtensibilityGlobals) = postSolution
		SolutionGuid = {5BDBC05C-48C5-4956-9C61-737BF08AFBFA}
	EndGlobalSection
EndGlobal
